
Microsoft Visual Studio Solution File, Format Version 12.00
# Visual Studio 15
VisualStudioVersion = 15.0.27703.2035
MinimumVisualStudioVersion = 10.0.40219.1
Project("{8BC9CEB8-8B4A-11D0-8D11-00A0C91BC942}") = "ex1", "ex1\ex1.vcxproj", "{37CF7EBE-F84D-4B84-9F1B-72CBA6B6AADB}"
EndProject
Project("{8BC9CEB8-8B4A-11D0-8D11-00A0C91BC942}") = "ex2", "ex2\ex2.vcxproj", "{146E305B-5B94-40F9-B192-B02F515439BF}"
EndProject
Project("{8BC9CEB8-8B4A-11D0-8D11-00A0C91BC942}") = "ex3", "ex3\ex3.vcxproj", "{2E246961-0AB1-4495-8CA3-91FD0B4957F0}"
EndProject
Project("{8BC9CEB8-8B4A-11D0-8D11-00A0C91BC942}") = "ex4", "ex4\ex4.vcxproj", "{8A17198E-E3E4-485A-86A3-885F537E1199}"
EndProject
Project("{8BC9CEB8-8B4A-11D0-8D11-00A0C91BC942}") = "ex5", "ex5\ex5.vcxproj", "{86A09D7E-5FB2-4836-8F1A-5146B91DDD4A}"
EndProject
Project("{8BC9CEB8-8B4A-11D0-8D11-00A0C91BC942}") = "ex6", "ex6\ex6.vcxproj", "{881115A4-839E-456E-8DA2-2D7044D8D83E}"
EndProject
Project("{8BC9CEB8-8B4A-11D0-8D11-00A0C91BC942}") = "ex7", "ex7\ex7.vcxproj", "{35F20577-76BD-40ED-9815-C989466311D9}"
EndProject
Project("{8BC9CEB8-8B4A-11D0-8D11-00A0C91BC942}") = "ex8", "ex8\ex8.vcxproj", "{C9A7F5C0-A95B-49BC-8C9F-421171B1A2CF}"
EndProject
Project("{8BC9CEB8-8B4A-11D0-8D11-00A0C91BC942}") = "ex9", "ex9\ex9.vcxproj", "{DB0FD683-633B-4C0D-A6F9-BF46E8A76C5A}"
EndProject
Project("{8BC9CEB8-8B4A-11D0-8D11-00A0C91BC942}") = "ex10", "ex10\ex10.vcxproj", "{38E5D9A7-CFC7-4D79-97B0-6578790B70CC}"
EndProject
Project("{8BC9CEB8-8B4A-11D0-8D11-00A0C91BC942}") = "ex11", "ex11\ex11.vcxproj", "{1CF9331A-0D9A-46E3-87F6-5055D1DE6E4C}"
EndProject
Project("{8BC9CEB8-8B4A-11D0-8D11-00A0C91BC942}") = "ex12", "ex12\ex12.vcxproj", "{DE31B1D9-BECA-416F-B366-8A5026A2126E}"
EndProject
Global
	GlobalSection(SolutionConfigurationPlatforms) = preSolution
		Debug|x64 = Debug|x64
		Debug|x86 = Debug|x86
		Release|x64 = Release|x64
		Release|x86 = Release|x86
	EndGlobalSection
	GlobalSection(ProjectConfigurationPlatforms) = postSolution
		{37CF7EBE-F84D-4B84-9F1B-72CBA6B6AADB}.Debug|x64.ActiveCfg = Debug|x64
		{37CF7EBE-F84D-4B84-9F1B-72CBA6B6AADB}.Debug|x64.Build.0 = Debug|x64
		{37CF7EBE-F84D-4B84-9F1B-72CBA6B6AADB}.Debug|x86.ActiveCfg = Debug|Win32
		{37CF7EBE-F84D-4B84-9F1B-72CBA6B6AADB}.Debug|x86.Build.0 = Debug|Win32
		{37CF7EBE-F84D-4B84-9F1B-72CBA6B6AADB}.Release|x64.ActiveCfg = Release|x64
		{37CF7EBE-F84D-4B84-9F1B-72CBA6B6AADB}.Release|x64.Build.0 = Release|x64
		{37CF7EBE-F84D-4B84-9F1B-72CBA6B6AADB}.Release|x86.ActiveCfg = Release|Win32
		{37CF7EBE-F84D-4B84-9F1B-72CBA6B6AADB}.Release|x86.Build.0 = Release|Win32
		{146E305B-5B94-40F9-B192-B02F515439BF}.Debug|x64.ActiveCfg = Debug|x64
		{146E305B-5B94-40F9-B192-B02F515439BF}.Debug|x64.Build.0 = Debug|x64
		{146E305B-5B94-40F9-B192-B02F515439BF}.Debug|x86.ActiveCfg = Debug|Win32
		{146E305B-5B94-40F9-B192-B02F515439BF}.Debug|x86.Build.0 = Debug|Win32
		{146E305B-5B94-40F9-B192-B02F515439BF}.Release|x64.ActiveCfg = Release|x64
		{146E305B-5B94-40F9-B192-B02F515439BF}.Release|x64.Build.0 = Release|x64
		{146E305B-5B94-40F9-B192-B02F515439BF}.Release|x86.ActiveCfg = Release|Win32
		{146E305B-5B94-40F9-B192-B02F515439BF}.Release|x86.Build.0 = Release|Win32
		{2E246961-0AB1-4495-8CA3-91FD0B4957F0}.Debug|x64.ActiveCfg = Debug|x64
		{2E246961-0AB1-4495-8CA3-91FD0B4957F0}.Debug|x64.Build.0 = Debug|x64
		{2E246961-0AB1-4495-8CA3-91FD0B4957F0}.Debug|x86.ActiveCfg = Debug|Win32
		{2E246961-0AB1-4495-8CA3-91FD0B4957F0}.Debug|x86.Build.0 = Debug|Win32
		{2E246961-0AB1-4495-8CA3-91FD0B4957F0}.Release|x64.ActiveCfg = Release|x64
		{2E246961-0AB1-4495-8CA3-91FD0B4957F0}.Release|x64.Build.0 = Release|x64
		{2E246961-0AB1-4495-8CA3-91FD0B4957F0}.Release|x86.ActiveCfg = Release|Win32
		{2E246961-0AB1-4495-8CA3-91FD0B4957F0}.Release|x86.Build.0 = Release|Win32
		{8A17198E-E3E4-485A-86A3-885F537E1199}.Debug|x64.ActiveCfg = Debug|x64
		{8A17198E-E3E4-485A-86A3-885F537E1199}.Debug|x64.Build.0 = Debug|x64
		{8A17198E-E3E4-485A-86A3-885F537E1199}.Debug|x86.ActiveCfg = Debug|Win32
		{8A17198E-E3E4-485A-86A3-885F537E1199}.Debug|x86.Build.0 = Debug|Win32
		{8A17198E-E3E4-485A-86A3-885F537E1199}.Release|x64.ActiveCfg = Release|x64
		{8A17198E-E3E4-485A-86A3-885F537E1199}.Release|x64.Build.0 = Release|x64
		{8A17198E-E3E4-485A-86A3-885F537E1199}.Release|x86.ActiveCfg = Release|Win32
		{8A17198E-E3E4-485A-86A3-885F537E1199}.Release|x86.Build.0 = Release|Win32
		{86A09D7E-5FB2-4836-8F1A-5146B91DDD4A}.Debug|x64.ActiveCfg = Debug|x64
		{86A09D7E-5FB2-4836-8F1A-5146B91DDD4A}.Debug|x64.Build.0 = Debug|x64
		{86A09D7E-5FB2-4836-8F1A-5146B91DDD4A}.Debug|x86.ActiveCfg = Debug|Win32
		{86A09D7E-5FB2-4836-8F1A-5146B91DDD4A}.Debug|x86.Build.0 = Debug|Win32
		{86A09D7E-5FB2-4836-8F1A-5146B91DDD4A}.Release|x64.ActiveCfg = Release|x64
		{86A09D7E-5FB2-4836-8F1A-5146B91DDD4A}.Release|x64.Build.0 = Release|x64
		{86A09D7E-5FB2-4836-8F1A-5146B91DDD4A}.Release|x86.ActiveCfg = Release|Win32
		{86A09D7E-5FB2-4836-8F1A-5146B91DDD4A}.Release|x86.Build.0 = Release|Win32
		{881115A4-839E-456E-8DA2-2D7044D8D83E}.Debug|x64.ActiveCfg = Debug|x64
		{881115A4-839E-456E-8DA2-2D7044D8D83E}.Debug|x64.Build.0 = Debug|x64
		{881115A4-839E-456E-8DA2-2D7044D8D83E}.Debug|x86.ActiveCfg = Debug|Win32
		{881115A4-839E-456E-8DA2-2D7044D8D83E}.Debug|x86.Build.0 = Debug|Win32
		{881115A4-839E-456E-8DA2-2D7044D8D83E}.Release|x64.ActiveCfg = Release|x64
		{881115A4-839E-456E-8DA2-2D7044D8D83E}.Release|x64.Build.0 = Release|x64
		{881115A4-839E-456E-8DA2-2D7044D8D83E}.Release|x86.ActiveCfg = Release|Win32
		{881115A4-839E-456E-8DA2-2D7044D8D83E}.Release|x86.Build.0 = Release|Win32
		{35F20577-76BD-40ED-9815-C989466311D9}.Debug|x64.ActiveCfg = Debug|x64
		{35F20577-76BD-40ED-9815-C989466311D9}.Debug|x64.Build.0 = Debug|x64
		{35F20577-76BD-40ED-9815-C989466311D9}.Debug|x86.ActiveCfg = Debug|Win32
		{35F20577-76BD-40ED-9815-C989466311D9}.Debug|x86.Build.0 = Debug|Win32
		{35F20577-76BD-40ED-9815-C989466311D9}.Release|x64.ActiveCfg = Release|x64
		{35F20577-76BD-40ED-9815-C989466311D9}.Release|x64.Build.0 = Release|x64
		{35F20577-76BD-40ED-9815-C989466311D9}.Release|x86.ActiveCfg = Release|Win32
		{35F20577-76BD-40ED-9815-C989466311D9}.Release|x86.Build.0 = Release|Win32
		{C9A7F5C0-A95B-49BC-8C9F-421171B1A2CF}.Debug|x64.ActiveCfg = Debug|x64
		{C9A7F5C0-A95B-49BC-8C9F-421171B1A2CF}.Debug|x64.Build.0 = Debug|x64
		{C9A7F5C0-A95B-49BC-8C9F-421171B1A2CF}.Debug|x86.ActiveCfg = Debug|Win32
		{C9A7F5C0-A95B-49BC-8C9F-421171B1A2CF}.Debug|x86.Build.0 = Debug|Win32
		{C9A7F5C0-A95B-49BC-8C9F-421171B1A2CF}.Release|x64.ActiveCfg = Release|x64
		{C9A7F5C0-A95B-49BC-8C9F-421171B1A2CF}.Release|x64.Build.0 = Release|x64
		{C9A7F5C0-A95B-49BC-8C9F-421171B1A2CF}.Release|x86.ActiveCfg = Release|Win32
		{C9A7F5C0-A95B-49BC-8C9F-421171B1A2CF}.Release|x86.Build.0 = Release|Win32
		{DB0FD683-633B-4C0D-A6F9-BF46E8A76C5A}.Debug|x64.ActiveCfg = Debug|x64
		{DB0FD683-633B-4C0D-A6F9-BF46E8A76C5A}.Debug|x64.Build.0 = Debug|x64
		{DB0FD683-633B-4C0D-A6F9-BF46E8A76C5A}.Debug|x86.ActiveCfg = Debug|Win32
		{DB0FD683-633B-4C0D-A6F9-BF46E8A76C5A}.Debug|x86.Build.0 = Debug|Win32
		{DB0FD683-633B-4C0D-A6F9-BF46E8A76C5A}.Release|x64.ActiveCfg = Release|x64
		{DB0FD683-633B-4C0D-A6F9-BF46E8A76C5A}.Release|x64.Build.0 = Release|x64
		{DB0FD683-633B-4C0D-A6F9-BF46E8A76C5A}.Release|x86.ActiveCfg = Release|Win32
		{DB0FD683-633B-4C0D-A6F9-BF46E8A76C5A}.Release|x86.Build.0 = Release|Win32
		{38E5D9A7-CFC7-4D79-97B0-6578790B70CC}.Debug|x64.ActiveCfg = Debug|x64
		{38E5D9A7-CFC7-4D79-97B0-6578790B70CC}.Debug|x64.Build.0 = Debug|x64
		{38E5D9A7-CFC7-4D79-97B0-6578790B70CC}.Debug|x86.ActiveCfg = Debug|Win32
		{38E5D9A7-CFC7-4D79-97B0-6578790B70CC}.Debug|x86.Build.0 = Debug|Win32
		{38E5D9A7-CFC7-4D79-97B0-6578790B70CC}.Release|x64.ActiveCfg = Release|x64
		{38E5D9A7-CFC7-4D79-97B0-6578790B70CC}.Release|x64.Build.0 = Release|x64
		{38E5D9A7-CFC7-4D79-97B0-6578790B70CC}.Release|x86.ActiveCfg = Release|Win32
		{38E5D9A7-CFC7-4D79-97B0-6578790B70CC}.Release|x86.Build.0 = Release|Win32
		{1CF9331A-0D9A-46E3-87F6-5055D1DE6E4C}.Debug|x64.ActiveCfg = Debug|x64
		{1CF9331A-0D9A-46E3-87F6-5055D1DE6E4C}.Debug|x64.Build.0 = Debug|x64
		{1CF9331A-0D9A-46E3-87F6-5055D1DE6E4C}.Debug|x86.ActiveCfg = Debug|Win32
		{1CF9331A-0D9A-46E3-87F6-5055D1DE6E4C}.Debug|x86.Build.0 = Debug|Win32
		{1CF9331A-0D9A-46E3-87F6-5055D1DE6E4C}.Release|x64.ActiveCfg = Release|x64
		{1CF9331A-0D9A-46E3-87F6-5055D1DE6E4C}.Release|x64.Build.0 = Release|x64
		{1CF9331A-0D9A-46E3-87F6-5055D1DE6E4C}.Release|x86.ActiveCfg = Release|Win32
		{1CF9331A-0D9A-46E3-87F6-5055D1DE6E4C}.Release|x86.Build.0 = Release|Win32
		{DE31B1D9-BECA-416F-B366-8A5026A2126E}.Debug|x64.ActiveCfg = Debug|x64
		{DE31B1D9-BECA-416F-B366-8A5026A2126E}.Debug|x64.Build.0 = Debug|x64
		{DE31B1D9-BECA-416F-B366-8A5026A2126E}.Debug|x86.ActiveCfg = Debug|Win32
		{DE31B1D9-BECA-416F-B366-8A5026A2126E}.Debug|x86.Build.0 = Debug|Win32
		{DE31B1D9-BECA-416F-B366-8A5026A2126E}.Release|x64.ActiveCfg = Release|x64
		{DE31B1D9-BECA-416F-B366-8A5026A2126E}.Release|x64.Build.0 = Release|x64
		{DE31B1D9-BECA-416F-B366-8A5026A2126E}.Release|x86.ActiveCfg = Release|Win32
		{DE31B1D9-BECA-416F-B366-8A5026A2126E}.Release|x86.Build.0 = Release|Win32
	EndGlobalSection
	GlobalSection(SolutionProperties) = preSolution
		HideSolutionNode = FALSE
	EndGlobalSection
	GlobalSection(ExtensibilityGlobals) = postSolution
		SolutionGuid = {B3763D4F-C593-486C-93F7-A171B4F509F9}
	EndGlobalSection
EndGlobal
