
Microsoft Visual Studio Solution File, Format Version 12.00
# Visual Studio 15
VisualStudioVersion = 15.0.27703.2035
MinimumVisualStudioVersion = 10.0.40219.1
Project("{8BC9CEB8-8B4A-11D0-8D11-00A0C91BC942}") = "ex1", "ex1\ex1.vcxproj", "{E5BCC54A-F0AC-4A48-B2B2-F3EE66E7EFF1}"
EndProject
Project("{8BC9CEB8-8B4A-11D0-8D11-00A0C91BC942}") = "ex2", "ex2\ex2.vcxproj", "{009F33AF-3B62-4EBC-8CCE-537B0ACE0B00}"
EndProject
Project("{8BC9CEB8-8B4A-11D0-8D11-00A0C91BC942}") = "ex3", "ex3\ex3.vcxproj", "{54C0EF2F-EC6C-4F07-9934-AA2FD612DEF9}"
EndProject
Project("{8BC9CEB8-8B4A-11D0-8D11-00A0C91BC942}") = "ex4", "ex4\ex4.vcxproj", "{9CC582C7-8234-4832-8770-2AF0728E598E}"
EndProject
Project("{8BC9CEB8-8B4A-11D0-8D11-00A0C91BC942}") = "ex5", "ex5\ex5.vcxproj", "{C55D9457-0418-431D-98CE-AB9045BD5046}"
EndProject
Project("{8BC9CEB8-8B4A-11D0-8D11-00A0C91BC942}") = "ex6", "ex6\ex6.vcxproj", "{F92CAE97-F48B-4E02-A532-74DF0BF16141}"
EndProject
Project("{8BC9CEB8-8B4A-11D0-8D11-00A0C91BC942}") = "ex7", "ex7\ex7.vcxproj", "{AA7AF2FB-1D8B-40E8-98DF-02326CBEA520}"
EndProject
Project("{8BC9CEB8-8B4A-11D0-8D11-00A0C91BC942}") = "ex8", "ex8\ex8.vcxproj", "{D1B9FFBE-CE1A-468F-8944-93F317126E44}"
EndProject
Project("{8BC9CEB8-8B4A-11D0-8D11-00A0C91BC942}") = "ex9", "ex9\ex9.vcxproj", "{0F9FE2F1-92FE-49E0-8233-A50D3B1931C7}"
EndProject
Project("{8BC9CEB8-8B4A-11D0-8D11-00A0C91BC942}") = "ex10", "ex10\ex10.vcxproj", "{1104F8D2-9AC2-41A8-BBFC-C7F2288A8D68}"
EndProject
Project("{8BC9CEB8-8B4A-11D0-8D11-00A0C91BC942}") = "ex11", "ex11\ex11.vcxproj", "{1A8813EA-D12B-4EE8-B244-1DEEFFCF709C}"
EndProject
Project("{8BC9CEB8-8B4A-11D0-8D11-00A0C91BC942}") = "ex12", "ex12\ex12.vcxproj", "{5709503E-DDD9-4628-AD49-F51337FF14DA}"
EndProject
Project("{8BC9CEB8-8B4A-11D0-8D11-00A0C91BC942}") = "ex13", "ex13\ex13.vcxproj", "{AA47D560-3044-4073-9BFB-0EAB1AD502DB}"
EndProject
Project("{8BC9CEB8-8B4A-11D0-8D11-00A0C91BC942}") = "ex14", "ex14\ex14.vcxproj", "{1E72E84C-4E9E-4707-AC6D-098C728696F3}"
EndProject
Project("{8BC9CEB8-8B4A-11D0-8D11-00A0C91BC942}") = "ex15", "ex15\ex15.vcxproj", "{222FFD7D-B9FC-4F1F-946E-67550A8FD679}"
EndProject
Project("{8BC9CEB8-8B4A-11D0-8D11-00A0C91BC942}") = "ex16", "ex16\ex16.vcxproj", "{1959CA28-F64E-4EB3-AD1A-8683C339828B}"
EndProject
Global
	GlobalSection(SolutionConfigurationPlatforms) = preSolution
		Debug|x64 = Debug|x64
		Debug|x86 = Debug|x86
		Release|x64 = Release|x64
		Release|x86 = Release|x86
	EndGlobalSection
	GlobalSection(ProjectConfigurationPlatforms) = postSolution
		{E5BCC54A-F0AC-4A48-B2B2-F3EE66E7EFF1}.Debug|x64.ActiveCfg = Debug|x64
		{E5BCC54A-F0AC-4A48-B2B2-F3EE66E7EFF1}.Debug|x64.Build.0 = Debug|x64
		{E5BCC54A-F0AC-4A48-B2B2-F3EE66E7EFF1}.Debug|x86.ActiveCfg = Debug|Win32
		{E5BCC54A-F0AC-4A48-B2B2-F3EE66E7EFF1}.Debug|x86.Build.0 = Debug|Win32
		{E5BCC54A-F0AC-4A48-B2B2-F3EE66E7EFF1}.Release|x64.ActiveCfg = Release|x64
		{E5BCC54A-F0AC-4A48-B2B2-F3EE66E7EFF1}.Release|x64.Build.0 = Release|x64
		{E5BCC54A-F0AC-4A48-B2B2-F3EE66E7EFF1}.Release|x86.ActiveCfg = Release|Win32
		{E5BCC54A-F0AC-4A48-B2B2-F3EE66E7EFF1}.Release|x86.Build.0 = Release|Win32
		{009F33AF-3B62-4EBC-8CCE-537B0ACE0B00}.Debug|x64.ActiveCfg = Debug|x64
		{009F33AF-3B62-4EBC-8CCE-537B0ACE0B00}.Debug|x64.Build.0 = Debug|x64
		{009F33AF-3B62-4EBC-8CCE-537B0ACE0B00}.Debug|x86.ActiveCfg = Debug|Win32
		{009F33AF-3B62-4EBC-8CCE-537B0ACE0B00}.Debug|x86.Build.0 = Debug|Win32
		{009F33AF-3B62-4EBC-8CCE-537B0ACE0B00}.Release|x64.ActiveCfg = Release|x64
		{009F33AF-3B62-4EBC-8CCE-537B0ACE0B00}.Release|x64.Build.0 = Release|x64
		{009F33AF-3B62-4EBC-8CCE-537B0ACE0B00}.Release|x86.ActiveCfg = Release|Win32
		{009F33AF-3B62-4EBC-8CCE-537B0ACE0B00}.Release|x86.Build.0 = Release|Win32
		{54C0EF2F-EC6C-4F07-9934-AA2FD612DEF9}.Debug|x64.ActiveCfg = Debug|x64
		{54C0EF2F-EC6C-4F07-9934-AA2FD612DEF9}.Debug|x64.Build.0 = Debug|x64
		{54C0EF2F-EC6C-4F07-9934-AA2FD612DEF9}.Debug|x86.ActiveCfg = Debug|Win32
		{54C0EF2F-EC6C-4F07-9934-AA2FD612DEF9}.Debug|x86.Build.0 = Debug|Win32
		{54C0EF2F-EC6C-4F07-9934-AA2FD612DEF9}.Release|x64.ActiveCfg = Release|x64
		{54C0EF2F-EC6C-4F07-9934-AA2FD612DEF9}.Release|x64.Build.0 = Release|x64
		{54C0EF2F-EC6C-4F07-9934-AA2FD612DEF9}.Release|x86.ActiveCfg = Release|Win32
		{54C0EF2F-EC6C-4F07-9934-AA2FD612DEF9}.Release|x86.Build.0 = Release|Win32
		{9CC582C7-8234-4832-8770-2AF0728E598E}.Debug|x64.ActiveCfg = Debug|x64
		{9CC582C7-8234-4832-8770-2AF0728E598E}.Debug|x64.Build.0 = Debug|x64
		{9CC582C7-8234-4832-8770-2AF0728E598E}.Debug|x86.ActiveCfg = Debug|Win32
		{9CC582C7-8234-4832-8770-2AF0728E598E}.Debug|x86.Build.0 = Debug|Win32
		{9CC582C7-8234-4832-8770-2AF0728E598E}.Release|x64.ActiveCfg = Release|x64
		{9CC582C7-8234-4832-8770-2AF0728E598E}.Release|x64.Build.0 = Release|x64
		{9CC582C7-8234-4832-8770-2AF0728E598E}.Release|x86.ActiveCfg = Release|Win32
		{9CC582C7-8234-4832-8770-2AF0728E598E}.Release|x86.Build.0 = Release|Win32
		{C55D9457-0418-431D-98CE-AB9045BD5046}.Debug|x64.ActiveCfg = Debug|x64
		{C55D9457-0418-431D-98CE-AB9045BD5046}.Debug|x64.Build.0 = Debug|x64
		{C55D9457-0418-431D-98CE-AB9045BD5046}.Debug|x86.ActiveCfg = Debug|Win32
		{C55D9457-0418-431D-98CE-AB9045BD5046}.Debug|x86.Build.0 = Debug|Win32
		{C55D9457-0418-431D-98CE-AB9045BD5046}.Release|x64.ActiveCfg = Release|x64
		{C55D9457-0418-431D-98CE-AB9045BD5046}.Release|x64.Build.0 = Release|x64
		{C55D9457-0418-431D-98CE-AB9045BD5046}.Release|x86.ActiveCfg = Release|Win32
		{C55D9457-0418-431D-98CE-AB9045BD5046}.Release|x86.Build.0 = Release|Win32
		{F92CAE97-F48B-4E02-A532-74DF0BF16141}.Debug|x64.ActiveCfg = Debug|x64
		{F92CAE97-F48B-4E02-A532-74DF0BF16141}.Debug|x64.Build.0 = Debug|x64
		{F92CAE97-F48B-4E02-A532-74DF0BF16141}.Debug|x86.ActiveCfg = Debug|Win32
		{F92CAE97-F48B-4E02-A532-74DF0BF16141}.Debug|x86.Build.0 = Debug|Win32
		{F92CAE97-F48B-4E02-A532-74DF0BF16141}.Release|x64.ActiveCfg = Release|x64
		{F92CAE97-F48B-4E02-A532-74DF0BF16141}.Release|x64.Build.0 = Release|x64
		{F92CAE97-F48B-4E02-A532-74DF0BF16141}.Release|x86.ActiveCfg = Release|Win32
		{F92CAE97-F48B-4E02-A532-74DF0BF16141}.Release|x86.Build.0 = Release|Win32
		{AA7AF2FB-1D8B-40E8-98DF-02326CBEA520}.Debug|x64.ActiveCfg = Debug|x64
		{AA7AF2FB-1D8B-40E8-98DF-02326CBEA520}.Debug|x64.Build.0 = Debug|x64
		{AA7AF2FB-1D8B-40E8-98DF-02326CBEA520}.Debug|x86.ActiveCfg = Debug|Win32
		{AA7AF2FB-1D8B-40E8-98DF-02326CBEA520}.Debug|x86.Build.0 = Debug|Win32
		{AA7AF2FB-1D8B-40E8-98DF-02326CBEA520}.Release|x64.ActiveCfg = Release|x64
		{AA7AF2FB-1D8B-40E8-98DF-02326CBEA520}.Release|x64.Build.0 = Release|x64
		{AA7AF2FB-1D8B-40E8-98DF-02326CBEA520}.Release|x86.ActiveCfg = Release|Win32
		{AA7AF2FB-1D8B-40E8-98DF-02326CBEA520}.Release|x86.Build.0 = Release|Win32
		{D1B9FFBE-CE1A-468F-8944-93F317126E44}.Debug|x64.ActiveCfg = Debug|x64
		{D1B9FFBE-CE1A-468F-8944-93F317126E44}.Debug|x64.Build.0 = Debug|x64
		{D1B9FFBE-CE1A-468F-8944-93F317126E44}.Debug|x86.ActiveCfg = Debug|Win32
		{D1B9FFBE-CE1A-468F-8944-93F317126E44}.Debug|x86.Build.0 = Debug|Win32
		{D1B9FFBE-CE1A-468F-8944-93F317126E44}.Release|x64.ActiveCfg = Release|x64
		{D1B9FFBE-CE1A-468F-8944-93F317126E44}.Release|x64.Build.0 = Release|x64
		{D1B9FFBE-CE1A-468F-8944-93F317126E44}.Release|x86.ActiveCfg = Release|Win32
		{D1B9FFBE-CE1A-468F-8944-93F317126E44}.Release|x86.Build.0 = Release|Win32
		{0F9FE2F1-92FE-49E0-8233-A50D3B1931C7}.Debug|x64.ActiveCfg = Debug|x64
		{0F9FE2F1-92FE-49E0-8233-A50D3B1931C7}.Debug|x64.Build.0 = Debug|x64
		{0F9FE2F1-92FE-49E0-8233-A50D3B1931C7}.Debug|x86.ActiveCfg = Debug|Win32
		{0F9FE2F1-92FE-49E0-8233-A50D3B1931C7}.Debug|x86.Build.0 = Debug|Win32
		{0F9FE2F1-92FE-49E0-8233-A50D3B1931C7}.Release|x64.ActiveCfg = Release|x64
		{0F9FE2F1-92FE-49E0-8233-A50D3B1931C7}.Release|x64.Build.0 = Release|x64
		{0F9FE2F1-92FE-49E0-8233-A50D3B1931C7}.Release|x86.ActiveCfg = Release|Win32
		{0F9FE2F1-92FE-49E0-8233-A50D3B1931C7}.Release|x86.Build.0 = Release|Win32
		{1104F8D2-9AC2-41A8-BBFC-C7F2288A8D68}.Debug|x64.ActiveCfg = Debug|x64
		{1104F8D2-9AC2-41A8-BBFC-C7F2288A8D68}.Debug|x64.Build.0 = Debug|x64
		{1104F8D2-9AC2-41A8-BBFC-C7F2288A8D68}.Debug|x86.ActiveCfg = Debug|Win32
		{1104F8D2-9AC2-41A8-BBFC-C7F2288A8D68}.Debug|x86.Build.0 = Debug|Win32
		{1104F8D2-9AC2-41A8-BBFC-C7F2288A8D68}.Release|x64.ActiveCfg = Release|x64
		{1104F8D2-9AC2-41A8-BBFC-C7F2288A8D68}.Release|x64.Build.0 = Release|x64
		{1104F8D2-9AC2-41A8-BBFC-C7F2288A8D68}.Release|x86.ActiveCfg = Release|Win32
		{1104F8D2-9AC2-41A8-BBFC-C7F2288A8D68}.Release|x86.Build.0 = Release|Win32
		{1A8813EA-D12B-4EE8-B244-1DEEFFCF709C}.Debug|x64.ActiveCfg = Debug|x64
		{1A8813EA-D12B-4EE8-B244-1DEEFFCF709C}.Debug|x64.Build.0 = Debug|x64
		{1A8813EA-D12B-4EE8-B244-1DEEFFCF709C}.Debug|x86.ActiveCfg = Debug|Win32
		{1A8813EA-D12B-4EE8-B244-1DEEFFCF709C}.Debug|x86.Build.0 = Debug|Win32
		{1A8813EA-D12B-4EE8-B244-1DEEFFCF709C}.Release|x64.ActiveCfg = Release|x64
		{1A8813EA-D12B-4EE8-B244-1DEEFFCF709C}.Release|x64.Build.0 = Release|x64
		{1A8813EA-D12B-4EE8-B244-1DEEFFCF709C}.Release|x86.ActiveCfg = Release|Win32
		{1A8813EA-D12B-4EE8-B244-1DEEFFCF709C}.Release|x86.Build.0 = Release|Win32
		{5709503E-DDD9-4628-AD49-F51337FF14DA}.Debug|x64.ActiveCfg = Debug|x64
		{5709503E-DDD9-4628-AD49-F51337FF14DA}.Debug|x64.Build.0 = Debug|x64
		{5709503E-DDD9-4628-AD49-F51337FF14DA}.Debug|x86.ActiveCfg = Debug|Win32
		{5709503E-DDD9-4628-AD49-F51337FF14DA}.Debug|x86.Build.0 = Debug|Win32
		{5709503E-DDD9-4628-AD49-F51337FF14DA}.Release|x64.ActiveCfg = Release|x64
		{5709503E-DDD9-4628-AD49-F51337FF14DA}.Release|x64.Build.0 = Release|x64
		{5709503E-DDD9-4628-AD49-F51337FF14DA}.Release|x86.ActiveCfg = Release|Win32
		{5709503E-DDD9-4628-AD49-F51337FF14DA}.Release|x86.Build.0 = Release|Win32
		{AA47D560-3044-4073-9BFB-0EAB1AD502DB}.Debug|x64.ActiveCfg = Debug|x64
		{AA47D560-3044-4073-9BFB-0EAB1AD502DB}.Debug|x64.Build.0 = Debug|x64
		{AA47D560-3044-4073-9BFB-0EAB1AD502DB}.Debug|x86.ActiveCfg = Debug|Win32
		{AA47D560-3044-4073-9BFB-0EAB1AD502DB}.Debug|x86.Build.0 = Debug|Win32
		{AA47D560-3044-4073-9BFB-0EAB1AD502DB}.Release|x64.ActiveCfg = Release|x64
		{AA47D560-3044-4073-9BFB-0EAB1AD502DB}.Release|x64.Build.0 = Release|x64
		{AA47D560-3044-4073-9BFB-0EAB1AD502DB}.Release|x86.ActiveCfg = Release|Win32
		{AA47D560-3044-4073-9BFB-0EAB1AD502DB}.Release|x86.Build.0 = Release|Win32
		{1E72E84C-4E9E-4707-AC6D-098C728696F3}.Debug|x64.ActiveCfg = Debug|x64
		{1E72E84C-4E9E-4707-AC6D-098C728696F3}.Debug|x64.Build.0 = Debug|x64
		{1E72E84C-4E9E-4707-AC6D-098C728696F3}.Debug|x86.ActiveCfg = Debug|Win32
		{1E72E84C-4E9E-4707-AC6D-098C728696F3}.Debug|x86.Build.0 = Debug|Win32
		{1E72E84C-4E9E-4707-AC6D-098C728696F3}.Release|x64.ActiveCfg = Release|x64
		{1E72E84C-4E9E-4707-AC6D-098C728696F3}.Release|x64.Build.0 = Release|x64
		{1E72E84C-4E9E-4707-AC6D-098C728696F3}.Release|x86.ActiveCfg = Release|Win32
		{1E72E84C-4E9E-4707-AC6D-098C728696F3}.Release|x86.Build.0 = Release|Win32
		{222FFD7D-B9FC-4F1F-946E-67550A8FD679}.Debug|x64.ActiveCfg = Debug|x64
		{222FFD7D-B9FC-4F1F-946E-67550A8FD679}.Debug|x64.Build.0 = Debug|x64
		{222FFD7D-B9FC-4F1F-946E-67550A8FD679}.Debug|x86.ActiveCfg = Debug|Win32
		{222FFD7D-B9FC-4F1F-946E-67550A8FD679}.Debug|x86.Build.0 = Debug|Win32
		{222FFD7D-B9FC-4F1F-946E-67550A8FD679}.Release|x64.ActiveCfg = Release|x64
		{222FFD7D-B9FC-4F1F-946E-67550A8FD679}.Release|x64.Build.0 = Release|x64
		{222FFD7D-B9FC-4F1F-946E-67550A8FD679}.Release|x86.ActiveCfg = Release|Win32
		{222FFD7D-B9FC-4F1F-946E-67550A8FD679}.Release|x86.Build.0 = Release|Win32
		{1959CA28-F64E-4EB3-AD1A-8683C339828B}.Debug|x64.ActiveCfg = Debug|x64
		{1959CA28-F64E-4EB3-AD1A-8683C339828B}.Debug|x64.Build.0 = Debug|x64
		{1959CA28-F64E-4EB3-AD1A-8683C339828B}.Debug|x86.ActiveCfg = Debug|Win32
		{1959CA28-F64E-4EB3-AD1A-8683C339828B}.Debug|x86.Build.0 = Debug|Win32
		{1959CA28-F64E-4EB3-AD1A-8683C339828B}.Release|x64.ActiveCfg = Release|x64
		{1959CA28-F64E-4EB3-AD1A-8683C339828B}.Release|x64.Build.0 = Release|x64
		{1959CA28-F64E-4EB3-AD1A-8683C339828B}.Release|x86.ActiveCfg = Release|Win32
		{1959CA28-F64E-4EB3-AD1A-8683C339828B}.Release|x86.Build.0 = Release|Win32
	EndGlobalSection
	GlobalSection(SolutionProperties) = preSolution
		HideSolutionNode = FALSE
	EndGlobalSection
	GlobalSection(ExtensibilityGlobals) = postSolution
		SolutionGuid = {55E83E54-716B-4F46-8424-A140B0A91581}
	EndGlobalSection
EndGlobal
