
Microsoft Visual Studio Solution File, Format Version 12.00
# Visual Studio 15
VisualStudioVersion = 15.0.27703.2035
MinimumVisualStudioVersion = 10.0.40219.1
Project("{8BC9CEB8-8B4A-11D0-8D11-00A0C91BC942}") = "ex1", "ex1\ex1.vcxproj", "{B35A5C83-0CC6-46CA-89E4-D3B81B13216F}"
EndProject
Project("{8BC9CEB8-8B4A-11D0-8D11-00A0C91BC942}") = "ex2", "ex2\ex2.vcxproj", "{9B4110A5-BD12-4DF6-BBF7-9D88C3FB255D}"
EndProject
Project("{8BC9CEB8-8B4A-11D0-8D11-00A0C91BC942}") = "ex3", "ex3\ex3.vcxproj", "{2D53E0A9-E8A8-457F-B59A-8B49D59E2887}"
EndProject
Project("{8BC9CEB8-8B4A-11D0-8D11-00A0C91BC942}") = "ex4", "ex4\ex4.vcxproj", "{64D94409-48F1-4AE0-A6F8-C2586BD7EE47}"
EndProject
Project("{8BC9CEB8-8B4A-11D0-8D11-00A0C91BC942}") = "ex5", "ex5\ex5.vcxproj", "{F82A07DC-7443-4E52-91C2-9191C9790950}"
EndProject
Project("{8BC9CEB8-8B4A-11D0-8D11-00A0C91BC942}") = "ex6", "ex6\ex6.vcxproj", "{CCBB5130-5CDC-489C-A21D-702F1FA8A89D}"
EndProject
Project("{8BC9CEB8-8B4A-11D0-8D11-00A0C91BC942}") = "ex7", "ex7\ex7.vcxproj", "{886D1837-2F84-49ED-B03F-632A29AD7157}"
EndProject
Global
	GlobalSection(SolutionConfigurationPlatforms) = preSolution
		Debug|x64 = Debug|x64
		Debug|x86 = Debug|x86
		Release|x64 = Release|x64
		Release|x86 = Release|x86
	EndGlobalSection
	GlobalSection(ProjectConfigurationPlatforms) = postSolution
		{B35A5C83-0CC6-46CA-89E4-D3B81B13216F}.Debug|x64.ActiveCfg = Debug|x64
		{B35A5C83-0CC6-46CA-89E4-D3B81B13216F}.Debug|x64.Build.0 = Debug|x64
		{B35A5C83-0CC6-46CA-89E4-D3B81B13216F}.Debug|x86.ActiveCfg = Debug|Win32
		{B35A5C83-0CC6-46CA-89E4-D3B81B13216F}.Debug|x86.Build.0 = Debug|Win32
		{B35A5C83-0CC6-46CA-89E4-D3B81B13216F}.Release|x64.ActiveCfg = Release|x64
		{B35A5C83-0CC6-46CA-89E4-D3B81B13216F}.Release|x64.Build.0 = Release|x64
		{B35A5C83-0CC6-46CA-89E4-D3B81B13216F}.Release|x86.ActiveCfg = Release|Win32
		{B35A5C83-0CC6-46CA-89E4-D3B81B13216F}.Release|x86.Build.0 = Release|Win32
		{9B4110A5-BD12-4DF6-BBF7-9D88C3FB255D}.Debug|x64.ActiveCfg = Debug|x64
		{9B4110A5-BD12-4DF6-BBF7-9D88C3FB255D}.Debug|x64.Build.0 = Debug|x64
		{9B4110A5-BD12-4DF6-BBF7-9D88C3FB255D}.Debug|x86.ActiveCfg = Debug|Win32
		{9B4110A5-BD12-4DF6-BBF7-9D88C3FB255D}.Debug|x86.Build.0 = Debug|Win32
		{9B4110A5-BD12-4DF6-BBF7-9D88C3FB255D}.Release|x64.ActiveCfg = Release|x64
		{9B4110A5-BD12-4DF6-BBF7-9D88C3FB255D}.Release|x64.Build.0 = Release|x64
		{9B4110A5-BD12-4DF6-BBF7-9D88C3FB255D}.Release|x86.ActiveCfg = Release|Win32
		{9B4110A5-BD12-4DF6-BBF7-9D88C3FB255D}.Release|x86.Build.0 = Release|Win32
		{2D53E0A9-E8A8-457F-B59A-8B49D59E2887}.Debug|x64.ActiveCfg = Debug|x64
		{2D53E0A9-E8A8-457F-B59A-8B49D59E2887}.Debug|x64.Build.0 = Debug|x64
		{2D53E0A9-E8A8-457F-B59A-8B49D59E2887}.Debug|x86.ActiveCfg = Debug|Win32
		{2D53E0A9-E8A8-457F-B59A-8B49D59E2887}.Debug|x86.Build.0 = Debug|Win32
		{2D53E0A9-E8A8-457F-B59A-8B49D59E2887}.Release|x64.ActiveCfg = Release|x64
		{2D53E0A9-E8A8-457F-B59A-8B49D59E2887}.Release|x64.Build.0 = Release|x64
		{2D53E0A9-E8A8-457F-B59A-8B49D59E2887}.Release|x86.ActiveCfg = Release|Win32
		{2D53E0A9-E8A8-457F-B59A-8B49D59E2887}.Release|x86.Build.0 = Release|Win32
		{64D94409-48F1-4AE0-A6F8-C2586BD7EE47}.Debug|x64.ActiveCfg = Debug|x64
		{64D94409-48F1-4AE0-A6F8-C2586BD7EE47}.Debug|x64.Build.0 = Debug|x64
		{64D94409-48F1-4AE0-A6F8-C2586BD7EE47}.Debug|x86.ActiveCfg = Debug|Win32
		{64D94409-48F1-4AE0-A6F8-C2586BD7EE47}.Debug|x86.Build.0 = Debug|Win32
		{64D94409-48F1-4AE0-A6F8-C2586BD7EE47}.Release|x64.ActiveCfg = Release|x64
		{64D94409-48F1-4AE0-A6F8-C2586BD7EE47}.Release|x64.Build.0 = Release|x64
		{64D94409-48F1-4AE0-A6F8-C2586BD7EE47}.Release|x86.ActiveCfg = Release|Win32
		{64D94409-48F1-4AE0-A6F8-C2586BD7EE47}.Release|x86.Build.0 = Release|Win32
		{F82A07DC-7443-4E52-91C2-9191C9790950}.Debug|x64.ActiveCfg = Debug|x64
		{F82A07DC-7443-4E52-91C2-9191C9790950}.Debug|x64.Build.0 = Debug|x64
		{F82A07DC-7443-4E52-91C2-9191C9790950}.Debug|x86.ActiveCfg = Debug|Win32
		{F82A07DC-7443-4E52-91C2-9191C9790950}.Debug|x86.Build.0 = Debug|Win32
		{F82A07DC-7443-4E52-91C2-9191C9790950}.Release|x64.ActiveCfg = Release|x64
		{F82A07DC-7443-4E52-91C2-9191C9790950}.Release|x64.Build.0 = Release|x64
		{F82A07DC-7443-4E52-91C2-9191C9790950}.Release|x86.ActiveCfg = Release|Win32
		{F82A07DC-7443-4E52-91C2-9191C9790950}.Release|x86.Build.0 = Release|Win32
		{CCBB5130-5CDC-489C-A21D-702F1FA8A89D}.Debug|x64.ActiveCfg = Debug|x64
		{CCBB5130-5CDC-489C-A21D-702F1FA8A89D}.Debug|x64.Build.0 = Debug|x64
		{CCBB5130-5CDC-489C-A21D-702F1FA8A89D}.Debug|x86.ActiveCfg = Debug|Win32
		{CCBB5130-5CDC-489C-A21D-702F1FA8A89D}.Debug|x86.Build.0 = Debug|Win32
		{CCBB5130-5CDC-489C-A21D-702F1FA8A89D}.Release|x64.ActiveCfg = Release|x64
		{CCBB5130-5CDC-489C-A21D-702F1FA8A89D}.Release|x64.Build.0 = Release|x64
		{CCBB5130-5CDC-489C-A21D-702F1FA8A89D}.Release|x86.ActiveCfg = Release|Win32
		{CCBB5130-5CDC-489C-A21D-702F1FA8A89D}.Release|x86.Build.0 = Release|Win32
		{886D1837-2F84-49ED-B03F-632A29AD7157}.Debug|x64.ActiveCfg = Debug|x64
		{886D1837-2F84-49ED-B03F-632A29AD7157}.Debug|x64.Build.0 = Debug|x64
		{886D1837-2F84-49ED-B03F-632A29AD7157}.Debug|x86.ActiveCfg = Debug|Win32
		{886D1837-2F84-49ED-B03F-632A29AD7157}.Debug|x86.Build.0 = Debug|Win32
		{886D1837-2F84-49ED-B03F-632A29AD7157}.Release|x64.ActiveCfg = Release|x64
		{886D1837-2F84-49ED-B03F-632A29AD7157}.Release|x64.Build.0 = Release|x64
		{886D1837-2F84-49ED-B03F-632A29AD7157}.Release|x86.ActiveCfg = Release|Win32
		{886D1837-2F84-49ED-B03F-632A29AD7157}.Release|x86.Build.0 = Release|Win32
	EndGlobalSection
	GlobalSection(SolutionProperties) = preSolution
		HideSolutionNode = FALSE
	EndGlobalSection
	GlobalSection(ExtensibilityGlobals) = postSolution
		SolutionGuid = {BAECE1A4-7187-4814-879F-B0373AC54971}
	EndGlobalSection
EndGlobal
