
Microsoft Visual Studio Solution File, Format Version 12.00
# Visual Studio 15
VisualStudioVersion = 15.0.27703.2035
MinimumVisualStudioVersion = 10.0.40219.1
Project("{8BC9CEB8-8B4A-11D0-8D11-00A0C91BC942}") = "ex1", "ex1\ex1.vcxproj", "{29EE2746-E8D5-43A4-B687-24F4E132CBA3}"
EndProject
Project("{8BC9CEB8-8B4A-11D0-8D11-00A0C91BC942}") = "ex2", "ex2\ex2.vcxproj", "{842BCA02-E967-44DF-9483-9BDA1EC8C5A7}"
EndProject
Project("{8BC9CEB8-8B4A-11D0-8D11-00A0C91BC942}") = "ex3", "ex3\ex3.vcxproj", "{0A7D35A2-475D-49A2-B2C9-0FDE1BD065D2}"
EndProject
Project("{8BC9CEB8-8B4A-11D0-8D11-00A0C91BC942}") = "ex4", "ex4\ex4.vcxproj", "{DF4C2807-ABE4-4C15-9FEB-9A7081F6F62C}"
EndProject
Project("{8BC9CEB8-8B4A-11D0-8D11-00A0C91BC942}") = "ex5", "ex5\ex5.vcxproj", "{F4649F90-5C97-40C3-93E5-47337E7494D9}"
EndProject
Project("{8BC9CEB8-8B4A-11D0-8D11-00A0C91BC942}") = "ex6", "ex6\ex6.vcxproj", "{5E8BFC80-43BF-46A3-B7C4-62C821E34FF8}"
EndProject
Project("{8BC9CEB8-8B4A-11D0-8D11-00A0C91BC942}") = "ex7", "ex7\ex7.vcxproj", "{8D884970-95A0-4E74-9DF2-73072B8BC0A8}"
EndProject
Project("{8BC9CEB8-8B4A-11D0-8D11-00A0C91BC942}") = "ex8", "ex8\ex8.vcxproj", "{6C80D990-C0A8-4858-8D9D-EE3C49A745D3}"
EndProject
Project("{8BC9CEB8-8B4A-11D0-8D11-00A0C91BC942}") = "ex9", "ex9\ex9.vcxproj", "{C92B05E0-43AE-4373-840B-75E464FBA566}"
EndProject
Project("{8BC9CEB8-8B4A-11D0-8D11-00A0C91BC942}") = "ex10", "ex10\ex10.vcxproj", "{7545E764-35B7-44F1-AA5E-7C22000099B7}"
EndProject
Project("{8BC9CEB8-8B4A-11D0-8D11-00A0C91BC942}") = "ex11", "ex11\ex11.vcxproj", "{29C08FDE-3346-48F2-9B8D-B4593436A151}"
EndProject
Project("{8BC9CEB8-8B4A-11D0-8D11-00A0C91BC942}") = "ex12", "ex12\ex12.vcxproj", "{C4920FDA-F95C-4ADB-B7CD-02266EE1076F}"
EndProject
Project("{8BC9CEB8-8B4A-11D0-8D11-00A0C91BC942}") = "ex13", "ex13\ex13.vcxproj", "{D55F3FE3-FF6F-41B1-BE6F-5FE4D4932DAE}"
EndProject
Global
	GlobalSection(SolutionConfigurationPlatforms) = preSolution
		Debug|x64 = Debug|x64
		Debug|x86 = Debug|x86
		Release|x64 = Release|x64
		Release|x86 = Release|x86
	EndGlobalSection
	GlobalSection(ProjectConfigurationPlatforms) = postSolution
		{29EE2746-E8D5-43A4-B687-24F4E132CBA3}.Debug|x64.ActiveCfg = Debug|x64
		{29EE2746-E8D5-43A4-B687-24F4E132CBA3}.Debug|x64.Build.0 = Debug|x64
		{29EE2746-E8D5-43A4-B687-24F4E132CBA3}.Debug|x86.ActiveCfg = Debug|Win32
		{29EE2746-E8D5-43A4-B687-24F4E132CBA3}.Debug|x86.Build.0 = Debug|Win32
		{29EE2746-E8D5-43A4-B687-24F4E132CBA3}.Release|x64.ActiveCfg = Release|x64
		{29EE2746-E8D5-43A4-B687-24F4E132CBA3}.Release|x64.Build.0 = Release|x64
		{29EE2746-E8D5-43A4-B687-24F4E132CBA3}.Release|x86.ActiveCfg = Release|Win32
		{29EE2746-E8D5-43A4-B687-24F4E132CBA3}.Release|x86.Build.0 = Release|Win32
		{842BCA02-E967-44DF-9483-9BDA1EC8C5A7}.Debug|x64.ActiveCfg = Debug|x64
		{842BCA02-E967-44DF-9483-9BDA1EC8C5A7}.Debug|x64.Build.0 = Debug|x64
		{842BCA02-E967-44DF-9483-9BDA1EC8C5A7}.Debug|x86.ActiveCfg = Debug|Win32
		{842BCA02-E967-44DF-9483-9BDA1EC8C5A7}.Debug|x86.Build.0 = Debug|Win32
		{842BCA02-E967-44DF-9483-9BDA1EC8C5A7}.Release|x64.ActiveCfg = Release|x64
		{842BCA02-E967-44DF-9483-9BDA1EC8C5A7}.Release|x64.Build.0 = Release|x64
		{842BCA02-E967-44DF-9483-9BDA1EC8C5A7}.Release|x86.ActiveCfg = Release|Win32
		{842BCA02-E967-44DF-9483-9BDA1EC8C5A7}.Release|x86.Build.0 = Release|Win32
		{0A7D35A2-475D-49A2-B2C9-0FDE1BD065D2}.Debug|x64.ActiveCfg = Debug|x64
		{0A7D35A2-475D-49A2-B2C9-0FDE1BD065D2}.Debug|x64.Build.0 = Debug|x64
		{0A7D35A2-475D-49A2-B2C9-0FDE1BD065D2}.Debug|x86.ActiveCfg = Debug|Win32
		{0A7D35A2-475D-49A2-B2C9-0FDE1BD065D2}.Debug|x86.Build.0 = Debug|Win32
		{0A7D35A2-475D-49A2-B2C9-0FDE1BD065D2}.Release|x64.ActiveCfg = Release|x64
		{0A7D35A2-475D-49A2-B2C9-0FDE1BD065D2}.Release|x64.Build.0 = Release|x64
		{0A7D35A2-475D-49A2-B2C9-0FDE1BD065D2}.Release|x86.ActiveCfg = Release|Win32
		{0A7D35A2-475D-49A2-B2C9-0FDE1BD065D2}.Release|x86.Build.0 = Release|Win32
		{DF4C2807-ABE4-4C15-9FEB-9A7081F6F62C}.Debug|x64.ActiveCfg = Debug|x64
		{DF4C2807-ABE4-4C15-9FEB-9A7081F6F62C}.Debug|x64.Build.0 = Debug|x64
		{DF4C2807-ABE4-4C15-9FEB-9A7081F6F62C}.Debug|x86.ActiveCfg = Debug|Win32
		{DF4C2807-ABE4-4C15-9FEB-9A7081F6F62C}.Debug|x86.Build.0 = Debug|Win32
		{DF4C2807-ABE4-4C15-9FEB-9A7081F6F62C}.Release|x64.ActiveCfg = Release|x64
		{DF4C2807-ABE4-4C15-9FEB-9A7081F6F62C}.Release|x64.Build.0 = Release|x64
		{DF4C2807-ABE4-4C15-9FEB-9A7081F6F62C}.Release|x86.ActiveCfg = Release|Win32
		{DF4C2807-ABE4-4C15-9FEB-9A7081F6F62C}.Release|x86.Build.0 = Release|Win32
		{F4649F90-5C97-40C3-93E5-47337E7494D9}.Debug|x64.ActiveCfg = Debug|x64
		{F4649F90-5C97-40C3-93E5-47337E7494D9}.Debug|x64.Build.0 = Debug|x64
		{F4649F90-5C97-40C3-93E5-47337E7494D9}.Debug|x86.ActiveCfg = Debug|Win32
		{F4649F90-5C97-40C3-93E5-47337E7494D9}.Debug|x86.Build.0 = Debug|Win32
		{F4649F90-5C97-40C3-93E5-47337E7494D9}.Release|x64.ActiveCfg = Release|x64
		{F4649F90-5C97-40C3-93E5-47337E7494D9}.Release|x64.Build.0 = Release|x64
		{F4649F90-5C97-40C3-93E5-47337E7494D9}.Release|x86.ActiveCfg = Release|Win32
		{F4649F90-5C97-40C3-93E5-47337E7494D9}.Release|x86.Build.0 = Release|Win32
		{5E8BFC80-43BF-46A3-B7C4-62C821E34FF8}.Debug|x64.ActiveCfg = Debug|x64
		{5E8BFC80-43BF-46A3-B7C4-62C821E34FF8}.Debug|x64.Build.0 = Debug|x64
		{5E8BFC80-43BF-46A3-B7C4-62C821E34FF8}.Debug|x86.ActiveCfg = Debug|Win32
		{5E8BFC80-43BF-46A3-B7C4-62C821E34FF8}.Debug|x86.Build.0 = Debug|Win32
		{5E8BFC80-43BF-46A3-B7C4-62C821E34FF8}.Release|x64.ActiveCfg = Release|x64
		{5E8BFC80-43BF-46A3-B7C4-62C821E34FF8}.Release|x64.Build.0 = Release|x64
		{5E8BFC80-43BF-46A3-B7C4-62C821E34FF8}.Release|x86.ActiveCfg = Release|Win32
		{5E8BFC80-43BF-46A3-B7C4-62C821E34FF8}.Release|x86.Build.0 = Release|Win32
		{8D884970-95A0-4E74-9DF2-73072B8BC0A8}.Debug|x64.ActiveCfg = Debug|x64
		{8D884970-95A0-4E74-9DF2-73072B8BC0A8}.Debug|x64.Build.0 = Debug|x64
		{8D884970-95A0-4E74-9DF2-73072B8BC0A8}.Debug|x86.ActiveCfg = Debug|Win32
		{8D884970-95A0-4E74-9DF2-73072B8BC0A8}.Debug|x86.Build.0 = Debug|Win32
		{8D884970-95A0-4E74-9DF2-73072B8BC0A8}.Release|x64.ActiveCfg = Release|x64
		{8D884970-95A0-4E74-9DF2-73072B8BC0A8}.Release|x64.Build.0 = Release|x64
		{8D884970-95A0-4E74-9DF2-73072B8BC0A8}.Release|x86.ActiveCfg = Release|Win32
		{8D884970-95A0-4E74-9DF2-73072B8BC0A8}.Release|x86.Build.0 = Release|Win32
		{6C80D990-C0A8-4858-8D9D-EE3C49A745D3}.Debug|x64.ActiveCfg = Debug|x64
		{6C80D990-C0A8-4858-8D9D-EE3C49A745D3}.Debug|x64.Build.0 = Debug|x64
		{6C80D990-C0A8-4858-8D9D-EE3C49A745D3}.Debug|x86.ActiveCfg = Debug|Win32
		{6C80D990-C0A8-4858-8D9D-EE3C49A745D3}.Debug|x86.Build.0 = Debug|Win32
		{6C80D990-C0A8-4858-8D9D-EE3C49A745D3}.Release|x64.ActiveCfg = Release|x64
		{6C80D990-C0A8-4858-8D9D-EE3C49A745D3}.Release|x64.Build.0 = Release|x64
		{6C80D990-C0A8-4858-8D9D-EE3C49A745D3}.Release|x86.ActiveCfg = Release|Win32
		{6C80D990-C0A8-4858-8D9D-EE3C49A745D3}.Release|x86.Build.0 = Release|Win32
		{C92B05E0-43AE-4373-840B-75E464FBA566}.Debug|x64.ActiveCfg = Debug|x64
		{C92B05E0-43AE-4373-840B-75E464FBA566}.Debug|x64.Build.0 = Debug|x64
		{C92B05E0-43AE-4373-840B-75E464FBA566}.Debug|x86.ActiveCfg = Debug|Win32
		{C92B05E0-43AE-4373-840B-75E464FBA566}.Debug|x86.Build.0 = Debug|Win32
		{C92B05E0-43AE-4373-840B-75E464FBA566}.Release|x64.ActiveCfg = Release|x64
		{C92B05E0-43AE-4373-840B-75E464FBA566}.Release|x64.Build.0 = Release|x64
		{C92B05E0-43AE-4373-840B-75E464FBA566}.Release|x86.ActiveCfg = Release|Win32
		{C92B05E0-43AE-4373-840B-75E464FBA566}.Release|x86.Build.0 = Release|Win32
		{7545E764-35B7-44F1-AA5E-7C22000099B7}.Debug|x64.ActiveCfg = Debug|x64
		{7545E764-35B7-44F1-AA5E-7C22000099B7}.Debug|x64.Build.0 = Debug|x64
		{7545E764-35B7-44F1-AA5E-7C22000099B7}.Debug|x86.ActiveCfg = Debug|Win32
		{7545E764-35B7-44F1-AA5E-7C22000099B7}.Debug|x86.Build.0 = Debug|Win32
		{7545E764-35B7-44F1-AA5E-7C22000099B7}.Release|x64.ActiveCfg = Release|x64
		{7545E764-35B7-44F1-AA5E-7C22000099B7}.Release|x64.Build.0 = Release|x64
		{7545E764-35B7-44F1-AA5E-7C22000099B7}.Release|x86.ActiveCfg = Release|Win32
		{7545E764-35B7-44F1-AA5E-7C22000099B7}.Release|x86.Build.0 = Release|Win32
		{29C08FDE-3346-48F2-9B8D-B4593436A151}.Debug|x64.ActiveCfg = Debug|x64
		{29C08FDE-3346-48F2-9B8D-B4593436A151}.Debug|x64.Build.0 = Debug|x64
		{29C08FDE-3346-48F2-9B8D-B4593436A151}.Debug|x86.ActiveCfg = Debug|Win32
		{29C08FDE-3346-48F2-9B8D-B4593436A151}.Debug|x86.Build.0 = Debug|Win32
		{29C08FDE-3346-48F2-9B8D-B4593436A151}.Release|x64.ActiveCfg = Release|x64
		{29C08FDE-3346-48F2-9B8D-B4593436A151}.Release|x64.Build.0 = Release|x64
		{29C08FDE-3346-48F2-9B8D-B4593436A151}.Release|x86.ActiveCfg = Release|Win32
		{29C08FDE-3346-48F2-9B8D-B4593436A151}.Release|x86.Build.0 = Release|Win32
		{C4920FDA-F95C-4ADB-B7CD-02266EE1076F}.Debug|x64.ActiveCfg = Debug|x64
		{C4920FDA-F95C-4ADB-B7CD-02266EE1076F}.Debug|x64.Build.0 = Debug|x64
		{C4920FDA-F95C-4ADB-B7CD-02266EE1076F}.Debug|x86.ActiveCfg = Debug|Win32
		{C4920FDA-F95C-4ADB-B7CD-02266EE1076F}.Debug|x86.Build.0 = Debug|Win32
		{C4920FDA-F95C-4ADB-B7CD-02266EE1076F}.Release|x64.ActiveCfg = Release|x64
		{C4920FDA-F95C-4ADB-B7CD-02266EE1076F}.Release|x64.Build.0 = Release|x64
		{C4920FDA-F95C-4ADB-B7CD-02266EE1076F}.Release|x86.ActiveCfg = Release|Win32
		{C4920FDA-F95C-4ADB-B7CD-02266EE1076F}.Release|x86.Build.0 = Release|Win32
		{D55F3FE3-FF6F-41B1-BE6F-5FE4D4932DAE}.Debug|x64.ActiveCfg = Debug|x64
		{D55F3FE3-FF6F-41B1-BE6F-5FE4D4932DAE}.Debug|x64.Build.0 = Debug|x64
		{D55F3FE3-FF6F-41B1-BE6F-5FE4D4932DAE}.Debug|x86.ActiveCfg = Debug|Win32
		{D55F3FE3-FF6F-41B1-BE6F-5FE4D4932DAE}.Debug|x86.Build.0 = Debug|Win32
		{D55F3FE3-FF6F-41B1-BE6F-5FE4D4932DAE}.Release|x64.ActiveCfg = Release|x64
		{D55F3FE3-FF6F-41B1-BE6F-5FE4D4932DAE}.Release|x64.Build.0 = Release|x64
		{D55F3FE3-FF6F-41B1-BE6F-5FE4D4932DAE}.Release|x86.ActiveCfg = Release|Win32
		{D55F3FE3-FF6F-41B1-BE6F-5FE4D4932DAE}.Release|x86.Build.0 = Release|Win32
	EndGlobalSection
	GlobalSection(SolutionProperties) = preSolution
		HideSolutionNode = FALSE
	EndGlobalSection
	GlobalSection(ExtensibilityGlobals) = postSolution
		SolutionGuid = {FB235285-8953-4AFD-9C5D-557BCC1EC974}
	EndGlobalSection
EndGlobal
