
Microsoft Visual Studio Solution File, Format Version 12.00
# Visual Studio 15
VisualStudioVersion = 15.0.27703.2035
MinimumVisualStudioVersion = 10.0.40219.1
Project("{8BC9CEB8-8B4A-11D0-8D11-00A0C91BC942}") = "ex1", "ex1\ex1.vcxproj", "{BC9262DE-0216-4042-93DE-318D085EC716}"
EndProject
Project("{8BC9CEB8-8B4A-11D0-8D11-00A0C91BC942}") = "ex2", "ex2\ex2.vcxproj", "{675C9641-0BF7-4757-93F5-B5411588CE09}"
EndProject
Project("{8BC9CEB8-8B4A-11D0-8D11-00A0C91BC942}") = "ex3", "ex3\ex3.vcxproj", "{954E21EC-653E-426D-AD4F-79A9E0586063}"
EndProject
Project("{8BC9CEB8-8B4A-11D0-8D11-00A0C91BC942}") = "ex4", "ex4\ex4.vcxproj", "{8EA84A3D-A894-4B67-A3FC-7310395F992C}"
EndProject
Project("{8BC9CEB8-8B4A-11D0-8D11-00A0C91BC942}") = "ex5", "ex5\ex5.vcxproj", "{517747A9-BDA5-4FB2-B136-1BB2E53D7636}"
EndProject
Project("{8BC9CEB8-8B4A-11D0-8D11-00A0C91BC942}") = "ex6", "ex6\ex6.vcxproj", "{CA398652-67BF-4F4F-A0AF-9B6490D5222B}"
EndProject
Project("{8BC9CEB8-8B4A-11D0-8D11-00A0C91BC942}") = "ex7", "ex7\ex7.vcxproj", "{0E14A343-96CC-4EE5-A814-F6A9976856A3}"
EndProject
Project("{8BC9CEB8-8B4A-11D0-8D11-00A0C91BC942}") = "ex8", "ex8\ex8.vcxproj", "{1098B274-79A6-484F-AA7D-278A17669690}"
EndProject
Project("{8BC9CEB8-8B4A-11D0-8D11-00A0C91BC942}") = "ex9", "ex9\ex9.vcxproj", "{01AF3766-7396-408B-BCCF-9A512429CC99}"
EndProject
Project("{8BC9CEB8-8B4A-11D0-8D11-00A0C91BC942}") = "ex10", "ex10\ex10.vcxproj", "{EAD73A76-3D4F-449E-84B3-FDDA1A287328}"
EndProject
Project("{8BC9CEB8-8B4A-11D0-8D11-00A0C91BC942}") = "ex11", "ex11\ex11.vcxproj", "{0EBE9445-CC7D-4440-A5F3-21C18F0F5B04}"
EndProject
Project("{8BC9CEB8-8B4A-11D0-8D11-00A0C91BC942}") = "ex12", "ex12\ex12.vcxproj", "{5BB27474-6DC4-4C05-95CE-65ACA06D9FAD}"
EndProject
Project("{8BC9CEB8-8B4A-11D0-8D11-00A0C91BC942}") = "ex13", "ex13\ex13.vcxproj", "{B4DA32E2-1E95-45A0-865E-9EA01EEFCCAA}"
EndProject
Global
	GlobalSection(SolutionConfigurationPlatforms) = preSolution
		Debug|x64 = Debug|x64
		Debug|x86 = Debug|x86
		Release|x64 = Release|x64
		Release|x86 = Release|x86
	EndGlobalSection
	GlobalSection(ProjectConfigurationPlatforms) = postSolution
		{BC9262DE-0216-4042-93DE-318D085EC716}.Debug|x64.ActiveCfg = Debug|x64
		{BC9262DE-0216-4042-93DE-318D085EC716}.Debug|x64.Build.0 = Debug|x64
		{BC9262DE-0216-4042-93DE-318D085EC716}.Debug|x86.ActiveCfg = Debug|Win32
		{BC9262DE-0216-4042-93DE-318D085EC716}.Debug|x86.Build.0 = Debug|Win32
		{BC9262DE-0216-4042-93DE-318D085EC716}.Release|x64.ActiveCfg = Release|x64
		{BC9262DE-0216-4042-93DE-318D085EC716}.Release|x64.Build.0 = Release|x64
		{BC9262DE-0216-4042-93DE-318D085EC716}.Release|x86.ActiveCfg = Release|Win32
		{BC9262DE-0216-4042-93DE-318D085EC716}.Release|x86.Build.0 = Release|Win32
		{675C9641-0BF7-4757-93F5-B5411588CE09}.Debug|x64.ActiveCfg = Debug|x64
		{675C9641-0BF7-4757-93F5-B5411588CE09}.Debug|x64.Build.0 = Debug|x64
		{675C9641-0BF7-4757-93F5-B5411588CE09}.Debug|x86.ActiveCfg = Debug|Win32
		{675C9641-0BF7-4757-93F5-B5411588CE09}.Debug|x86.Build.0 = Debug|Win32
		{675C9641-0BF7-4757-93F5-B5411588CE09}.Release|x64.ActiveCfg = Release|x64
		{675C9641-0BF7-4757-93F5-B5411588CE09}.Release|x64.Build.0 = Release|x64
		{675C9641-0BF7-4757-93F5-B5411588CE09}.Release|x86.ActiveCfg = Release|Win32
		{675C9641-0BF7-4757-93F5-B5411588CE09}.Release|x86.Build.0 = Release|Win32
		{954E21EC-653E-426D-AD4F-79A9E0586063}.Debug|x64.ActiveCfg = Debug|x64
		{954E21EC-653E-426D-AD4F-79A9E0586063}.Debug|x64.Build.0 = Debug|x64
		{954E21EC-653E-426D-AD4F-79A9E0586063}.Debug|x86.ActiveCfg = Debug|Win32
		{954E21EC-653E-426D-AD4F-79A9E0586063}.Debug|x86.Build.0 = Debug|Win32
		{954E21EC-653E-426D-AD4F-79A9E0586063}.Release|x64.ActiveCfg = Release|x64
		{954E21EC-653E-426D-AD4F-79A9E0586063}.Release|x64.Build.0 = Release|x64
		{954E21EC-653E-426D-AD4F-79A9E0586063}.Release|x86.ActiveCfg = Release|Win32
		{954E21EC-653E-426D-AD4F-79A9E0586063}.Release|x86.Build.0 = Release|Win32
		{8EA84A3D-A894-4B67-A3FC-7310395F992C}.Debug|x64.ActiveCfg = Debug|x64
		{8EA84A3D-A894-4B67-A3FC-7310395F992C}.Debug|x64.Build.0 = Debug|x64
		{8EA84A3D-A894-4B67-A3FC-7310395F992C}.Debug|x86.ActiveCfg = Debug|Win32
		{8EA84A3D-A894-4B67-A3FC-7310395F992C}.Debug|x86.Build.0 = Debug|Win32
		{8EA84A3D-A894-4B67-A3FC-7310395F992C}.Release|x64.ActiveCfg = Release|x64
		{8EA84A3D-A894-4B67-A3FC-7310395F992C}.Release|x64.Build.0 = Release|x64
		{8EA84A3D-A894-4B67-A3FC-7310395F992C}.Release|x86.ActiveCfg = Release|Win32
		{8EA84A3D-A894-4B67-A3FC-7310395F992C}.Release|x86.Build.0 = Release|Win32
		{517747A9-BDA5-4FB2-B136-1BB2E53D7636}.Debug|x64.ActiveCfg = Debug|x64
		{517747A9-BDA5-4FB2-B136-1BB2E53D7636}.Debug|x64.Build.0 = Debug|x64
		{517747A9-BDA5-4FB2-B136-1BB2E53D7636}.Debug|x86.ActiveCfg = Debug|Win32
		{517747A9-BDA5-4FB2-B136-1BB2E53D7636}.Debug|x86.Build.0 = Debug|Win32
		{517747A9-BDA5-4FB2-B136-1BB2E53D7636}.Release|x64.ActiveCfg = Release|x64
		{517747A9-BDA5-4FB2-B136-1BB2E53D7636}.Release|x64.Build.0 = Release|x64
		{517747A9-BDA5-4FB2-B136-1BB2E53D7636}.Release|x86.ActiveCfg = Release|Win32
		{517747A9-BDA5-4FB2-B136-1BB2E53D7636}.Release|x86.Build.0 = Release|Win32
		{CA398652-67BF-4F4F-A0AF-9B6490D5222B}.Debug|x64.ActiveCfg = Debug|x64
		{CA398652-67BF-4F4F-A0AF-9B6490D5222B}.Debug|x64.Build.0 = Debug|x64
		{CA398652-67BF-4F4F-A0AF-9B6490D5222B}.Debug|x86.ActiveCfg = Debug|Win32
		{CA398652-67BF-4F4F-A0AF-9B6490D5222B}.Debug|x86.Build.0 = Debug|Win32
		{CA398652-67BF-4F4F-A0AF-9B6490D5222B}.Release|x64.ActiveCfg = Release|x64
		{CA398652-67BF-4F4F-A0AF-9B6490D5222B}.Release|x64.Build.0 = Release|x64
		{CA398652-67BF-4F4F-A0AF-9B6490D5222B}.Release|x86.ActiveCfg = Release|Win32
		{CA398652-67BF-4F4F-A0AF-9B6490D5222B}.Release|x86.Build.0 = Release|Win32
		{0E14A343-96CC-4EE5-A814-F6A9976856A3}.Debug|x64.ActiveCfg = Debug|x64
		{0E14A343-96CC-4EE5-A814-F6A9976856A3}.Debug|x64.Build.0 = Debug|x64
		{0E14A343-96CC-4EE5-A814-F6A9976856A3}.Debug|x86.ActiveCfg = Debug|Win32
		{0E14A343-96CC-4EE5-A814-F6A9976856A3}.Debug|x86.Build.0 = Debug|Win32
		{0E14A343-96CC-4EE5-A814-F6A9976856A3}.Release|x64.ActiveCfg = Release|x64
		{0E14A343-96CC-4EE5-A814-F6A9976856A3}.Release|x64.Build.0 = Release|x64
		{0E14A343-96CC-4EE5-A814-F6A9976856A3}.Release|x86.ActiveCfg = Release|Win32
		{0E14A343-96CC-4EE5-A814-F6A9976856A3}.Release|x86.Build.0 = Release|Win32
		{1098B274-79A6-484F-AA7D-278A17669690}.Debug|x64.ActiveCfg = Debug|x64
		{1098B274-79A6-484F-AA7D-278A17669690}.Debug|x64.Build.0 = Debug|x64
		{1098B274-79A6-484F-AA7D-278A17669690}.Debug|x86.ActiveCfg = Debug|Win32
		{1098B274-79A6-484F-AA7D-278A17669690}.Debug|x86.Build.0 = Debug|Win32
		{1098B274-79A6-484F-AA7D-278A17669690}.Release|x64.ActiveCfg = Release|x64
		{1098B274-79A6-484F-AA7D-278A17669690}.Release|x64.Build.0 = Release|x64
		{1098B274-79A6-484F-AA7D-278A17669690}.Release|x86.ActiveCfg = Release|Win32
		{1098B274-79A6-484F-AA7D-278A17669690}.Release|x86.Build.0 = Release|Win32
		{01AF3766-7396-408B-BCCF-9A512429CC99}.Debug|x64.ActiveCfg = Debug|x64
		{01AF3766-7396-408B-BCCF-9A512429CC99}.Debug|x64.Build.0 = Debug|x64
		{01AF3766-7396-408B-BCCF-9A512429CC99}.Debug|x86.ActiveCfg = Debug|Win32
		{01AF3766-7396-408B-BCCF-9A512429CC99}.Debug|x86.Build.0 = Debug|Win32
		{01AF3766-7396-408B-BCCF-9A512429CC99}.Release|x64.ActiveCfg = Release|x64
		{01AF3766-7396-408B-BCCF-9A512429CC99}.Release|x64.Build.0 = Release|x64
		{01AF3766-7396-408B-BCCF-9A512429CC99}.Release|x86.ActiveCfg = Release|Win32
		{01AF3766-7396-408B-BCCF-9A512429CC99}.Release|x86.Build.0 = Release|Win32
		{EAD73A76-3D4F-449E-84B3-FDDA1A287328}.Debug|x64.ActiveCfg = Debug|x64
		{EAD73A76-3D4F-449E-84B3-FDDA1A287328}.Debug|x64.Build.0 = Debug|x64
		{EAD73A76-3D4F-449E-84B3-FDDA1A287328}.Debug|x86.ActiveCfg = Debug|Win32
		{EAD73A76-3D4F-449E-84B3-FDDA1A287328}.Debug|x86.Build.0 = Debug|Win32
		{EAD73A76-3D4F-449E-84B3-FDDA1A287328}.Release|x64.ActiveCfg = Release|x64
		{EAD73A76-3D4F-449E-84B3-FDDA1A287328}.Release|x64.Build.0 = Release|x64
		{EAD73A76-3D4F-449E-84B3-FDDA1A287328}.Release|x86.ActiveCfg = Release|Win32
		{EAD73A76-3D4F-449E-84B3-FDDA1A287328}.Release|x86.Build.0 = Release|Win32
		{0EBE9445-CC7D-4440-A5F3-21C18F0F5B04}.Debug|x64.ActiveCfg = Debug|x64
		{0EBE9445-CC7D-4440-A5F3-21C18F0F5B04}.Debug|x64.Build.0 = Debug|x64
		{0EBE9445-CC7D-4440-A5F3-21C18F0F5B04}.Debug|x86.ActiveCfg = Debug|Win32
		{0EBE9445-CC7D-4440-A5F3-21C18F0F5B04}.Debug|x86.Build.0 = Debug|Win32
		{0EBE9445-CC7D-4440-A5F3-21C18F0F5B04}.Release|x64.ActiveCfg = Release|x64
		{0EBE9445-CC7D-4440-A5F3-21C18F0F5B04}.Release|x64.Build.0 = Release|x64
		{0EBE9445-CC7D-4440-A5F3-21C18F0F5B04}.Release|x86.ActiveCfg = Release|Win32
		{0EBE9445-CC7D-4440-A5F3-21C18F0F5B04}.Release|x86.Build.0 = Release|Win32
		{5BB27474-6DC4-4C05-95CE-65ACA06D9FAD}.Debug|x64.ActiveCfg = Debug|x64
		{5BB27474-6DC4-4C05-95CE-65ACA06D9FAD}.Debug|x64.Build.0 = Debug|x64
		{5BB27474-6DC4-4C05-95CE-65ACA06D9FAD}.Debug|x86.ActiveCfg = Debug|Win32
		{5BB27474-6DC4-4C05-95CE-65ACA06D9FAD}.Debug|x86.Build.0 = Debug|Win32
		{5BB27474-6DC4-4C05-95CE-65ACA06D9FAD}.Release|x64.ActiveCfg = Release|x64
		{5BB27474-6DC4-4C05-95CE-65ACA06D9FAD}.Release|x64.Build.0 = Release|x64
		{5BB27474-6DC4-4C05-95CE-65ACA06D9FAD}.Release|x86.ActiveCfg = Release|Win32
		{5BB27474-6DC4-4C05-95CE-65ACA06D9FAD}.Release|x86.Build.0 = Release|Win32
		{B4DA32E2-1E95-45A0-865E-9EA01EEFCCAA}.Debug|x64.ActiveCfg = Debug|x64
		{B4DA32E2-1E95-45A0-865E-9EA01EEFCCAA}.Debug|x64.Build.0 = Debug|x64
		{B4DA32E2-1E95-45A0-865E-9EA01EEFCCAA}.Debug|x86.ActiveCfg = Debug|Win32
		{B4DA32E2-1E95-45A0-865E-9EA01EEFCCAA}.Debug|x86.Build.0 = Debug|Win32
		{B4DA32E2-1E95-45A0-865E-9EA01EEFCCAA}.Release|x64.ActiveCfg = Release|x64
		{B4DA32E2-1E95-45A0-865E-9EA01EEFCCAA}.Release|x64.Build.0 = Release|x64
		{B4DA32E2-1E95-45A0-865E-9EA01EEFCCAA}.Release|x86.ActiveCfg = Release|Win32
		{B4DA32E2-1E95-45A0-865E-9EA01EEFCCAA}.Release|x86.Build.0 = Release|Win32
	EndGlobalSection
	GlobalSection(SolutionProperties) = preSolution
		HideSolutionNode = FALSE
	EndGlobalSection
	GlobalSection(ExtensibilityGlobals) = postSolution
		SolutionGuid = {897C5261-28BE-4778-94AB-B0EB9174BCA6}
	EndGlobalSection
EndGlobal
