
Microsoft Visual Studio Solution File, Format Version 12.00
# Visual Studio 15
VisualStudioVersion = 15.0.27703.2035
MinimumVisualStudioVersion = 10.0.40219.1
Project("{8BC9CEB8-8B4A-11D0-8D11-00A0C91BC942}") = "ex1", "ex1\ex1.vcxproj", "{6C249297-7D06-4205-B251-07CF376F503A}"
EndProject
Project("{8BC9CEB8-8B4A-11D0-8D11-00A0C91BC942}") = "ex2", "ex2\ex2.vcxproj", "{F9744743-F9F4-4110-9B2B-1D3001845D18}"
EndProject
Project("{8BC9CEB8-8B4A-11D0-8D11-00A0C91BC942}") = "ex3", "ex3\ex3.vcxproj", "{32123778-E066-4887-B7F3-DF28E40C241B}"
EndProject
Project("{8BC9CEB8-8B4A-11D0-8D11-00A0C91BC942}") = "ex4", "ConsoleApplication1\ConsoleApplication1.vcxproj", "{832DCE0B-F2D4-4E97-95AF-A6C584C17795}"
EndProject
Project("{8BC9CEB8-8B4A-11D0-8D11-00A0C91BC942}") = "ex5", "ex5\ex5.vcxproj", "{DEF7FB94-F73C-48F2-9BE0-D923064089D0}"
EndProject
Project("{8BC9CEB8-8B4A-11D0-8D11-00A0C91BC942}") = "ex6", "ex6\ex6.vcxproj", "{1BC1FB0D-B493-4206-9149-0B1F50B3154C}"
EndProject
Project("{8BC9CEB8-8B4A-11D0-8D11-00A0C91BC942}") = "ex7", "ex7\ex7.vcxproj", "{CE115545-F7E4-4D31-BFA6-70C8C3023173}"
EndProject
Project("{8BC9CEB8-8B4A-11D0-8D11-00A0C91BC942}") = "ex8", "ex8\ex8.vcxproj", "{4ACACAEE-419B-44B0-B863-4C16C9E2C5AA}"
EndProject
Project("{8BC9CEB8-8B4A-11D0-8D11-00A0C91BC942}") = "ex9", "ex9\ex9.vcxproj", "{3469E6E8-349D-4E83-AE78-DAE8A5774BD9}"
EndProject
Project("{8BC9CEB8-8B4A-11D0-8D11-00A0C91BC942}") = "ex10", "ex10\ex10.vcxproj", "{E476FBF0-E603-41C1-B1A2-EBF61B5AFF4D}"
EndProject
Project("{8BC9CEB8-8B4A-11D0-8D11-00A0C91BC942}") = "ex11", "ex11\ex11.vcxproj", "{057096C5-1554-489C-A175-FE2BAC8C30C0}"
EndProject
Project("{8BC9CEB8-8B4A-11D0-8D11-00A0C91BC942}") = "ex12", "ex12\ex12.vcxproj", "{B4AAB83F-895E-4AA7-92A0-2043FB3C1716}"
EndProject
Project("{8BC9CEB8-8B4A-11D0-8D11-00A0C91BC942}") = "ex13", "ex13\ex13.vcxproj", "{57834046-A61D-4CD5-9D50-F3942E07C6AE}"
EndProject
Global
	GlobalSection(SolutionConfigurationPlatforms) = preSolution
		Debug|x64 = Debug|x64
		Debug|x86 = Debug|x86
		Release|x64 = Release|x64
		Release|x86 = Release|x86
	EndGlobalSection
	GlobalSection(ProjectConfigurationPlatforms) = postSolution
		{6C249297-7D06-4205-B251-07CF376F503A}.Debug|x64.ActiveCfg = Debug|x64
		{6C249297-7D06-4205-B251-07CF376F503A}.Debug|x64.Build.0 = Debug|x64
		{6C249297-7D06-4205-B251-07CF376F503A}.Debug|x86.ActiveCfg = Debug|Win32
		{6C249297-7D06-4205-B251-07CF376F503A}.Debug|x86.Build.0 = Debug|Win32
		{6C249297-7D06-4205-B251-07CF376F503A}.Release|x64.ActiveCfg = Release|x64
		{6C249297-7D06-4205-B251-07CF376F503A}.Release|x64.Build.0 = Release|x64
		{6C249297-7D06-4205-B251-07CF376F503A}.Release|x86.ActiveCfg = Release|Win32
		{6C249297-7D06-4205-B251-07CF376F503A}.Release|x86.Build.0 = Release|Win32
		{F9744743-F9F4-4110-9B2B-1D3001845D18}.Debug|x64.ActiveCfg = Debug|x64
		{F9744743-F9F4-4110-9B2B-1D3001845D18}.Debug|x64.Build.0 = Debug|x64
		{F9744743-F9F4-4110-9B2B-1D3001845D18}.Debug|x86.ActiveCfg = Debug|Win32
		{F9744743-F9F4-4110-9B2B-1D3001845D18}.Debug|x86.Build.0 = Debug|Win32
		{F9744743-F9F4-4110-9B2B-1D3001845D18}.Release|x64.ActiveCfg = Release|x64
		{F9744743-F9F4-4110-9B2B-1D3001845D18}.Release|x64.Build.0 = Release|x64
		{F9744743-F9F4-4110-9B2B-1D3001845D18}.Release|x86.ActiveCfg = Release|Win32
		{F9744743-F9F4-4110-9B2B-1D3001845D18}.Release|x86.Build.0 = Release|Win32
		{32123778-E066-4887-B7F3-DF28E40C241B}.Debug|x64.ActiveCfg = Debug|x64
		{32123778-E066-4887-B7F3-DF28E40C241B}.Debug|x64.Build.0 = Debug|x64
		{32123778-E066-4887-B7F3-DF28E40C241B}.Debug|x86.ActiveCfg = Debug|Win32
		{32123778-E066-4887-B7F3-DF28E40C241B}.Debug|x86.Build.0 = Debug|Win32
		{32123778-E066-4887-B7F3-DF28E40C241B}.Release|x64.ActiveCfg = Release|x64
		{32123778-E066-4887-B7F3-DF28E40C241B}.Release|x64.Build.0 = Release|x64
		{32123778-E066-4887-B7F3-DF28E40C241B}.Release|x86.ActiveCfg = Release|Win32
		{32123778-E066-4887-B7F3-DF28E40C241B}.Release|x86.Build.0 = Release|Win32
		{832DCE0B-F2D4-4E97-95AF-A6C584C17795}.Debug|x64.ActiveCfg = Debug|x64
		{832DCE0B-F2D4-4E97-95AF-A6C584C17795}.Debug|x64.Build.0 = Debug|x64
		{832DCE0B-F2D4-4E97-95AF-A6C584C17795}.Debug|x86.ActiveCfg = Debug|Win32
		{832DCE0B-F2D4-4E97-95AF-A6C584C17795}.Debug|x86.Build.0 = Debug|Win32
		{832DCE0B-F2D4-4E97-95AF-A6C584C17795}.Release|x64.ActiveCfg = Release|x64
		{832DCE0B-F2D4-4E97-95AF-A6C584C17795}.Release|x64.Build.0 = Release|x64
		{832DCE0B-F2D4-4E97-95AF-A6C584C17795}.Release|x86.ActiveCfg = Release|Win32
		{832DCE0B-F2D4-4E97-95AF-A6C584C17795}.Release|x86.Build.0 = Release|Win32
		{DEF7FB94-F73C-48F2-9BE0-D923064089D0}.Debug|x64.ActiveCfg = Debug|x64
		{DEF7FB94-F73C-48F2-9BE0-D923064089D0}.Debug|x64.Build.0 = Debug|x64
		{DEF7FB94-F73C-48F2-9BE0-D923064089D0}.Debug|x86.ActiveCfg = Debug|Win32
		{DEF7FB94-F73C-48F2-9BE0-D923064089D0}.Debug|x86.Build.0 = Debug|Win32
		{DEF7FB94-F73C-48F2-9BE0-D923064089D0}.Release|x64.ActiveCfg = Release|x64
		{DEF7FB94-F73C-48F2-9BE0-D923064089D0}.Release|x64.Build.0 = Release|x64
		{DEF7FB94-F73C-48F2-9BE0-D923064089D0}.Release|x86.ActiveCfg = Release|Win32
		{DEF7FB94-F73C-48F2-9BE0-D923064089D0}.Release|x86.Build.0 = Release|Win32
		{1BC1FB0D-B493-4206-9149-0B1F50B3154C}.Debug|x64.ActiveCfg = Debug|x64
		{1BC1FB0D-B493-4206-9149-0B1F50B3154C}.Debug|x64.Build.0 = Debug|x64
		{1BC1FB0D-B493-4206-9149-0B1F50B3154C}.Debug|x86.ActiveCfg = Debug|Win32
		{1BC1FB0D-B493-4206-9149-0B1F50B3154C}.Debug|x86.Build.0 = Debug|Win32
		{1BC1FB0D-B493-4206-9149-0B1F50B3154C}.Release|x64.ActiveCfg = Release|x64
		{1BC1FB0D-B493-4206-9149-0B1F50B3154C}.Release|x64.Build.0 = Release|x64
		{1BC1FB0D-B493-4206-9149-0B1F50B3154C}.Release|x86.ActiveCfg = Release|Win32
		{1BC1FB0D-B493-4206-9149-0B1F50B3154C}.Release|x86.Build.0 = Release|Win32
		{CE115545-F7E4-4D31-BFA6-70C8C3023173}.Debug|x64.ActiveCfg = Debug|x64
		{CE115545-F7E4-4D31-BFA6-70C8C3023173}.Debug|x64.Build.0 = Debug|x64
		{CE115545-F7E4-4D31-BFA6-70C8C3023173}.Debug|x86.ActiveCfg = Debug|Win32
		{CE115545-F7E4-4D31-BFA6-70C8C3023173}.Debug|x86.Build.0 = Debug|Win32
		{CE115545-F7E4-4D31-BFA6-70C8C3023173}.Release|x64.ActiveCfg = Release|x64
		{CE115545-F7E4-4D31-BFA6-70C8C3023173}.Release|x64.Build.0 = Release|x64
		{CE115545-F7E4-4D31-BFA6-70C8C3023173}.Release|x86.ActiveCfg = Release|Win32
		{CE115545-F7E4-4D31-BFA6-70C8C3023173}.Release|x86.Build.0 = Release|Win32
		{4ACACAEE-419B-44B0-B863-4C16C9E2C5AA}.Debug|x64.ActiveCfg = Debug|x64
		{4ACACAEE-419B-44B0-B863-4C16C9E2C5AA}.Debug|x64.Build.0 = Debug|x64
		{4ACACAEE-419B-44B0-B863-4C16C9E2C5AA}.Debug|x86.ActiveCfg = Debug|Win32
		{4ACACAEE-419B-44B0-B863-4C16C9E2C5AA}.Debug|x86.Build.0 = Debug|Win32
		{4ACACAEE-419B-44B0-B863-4C16C9E2C5AA}.Release|x64.ActiveCfg = Release|x64
		{4ACACAEE-419B-44B0-B863-4C16C9E2C5AA}.Release|x64.Build.0 = Release|x64
		{4ACACAEE-419B-44B0-B863-4C16C9E2C5AA}.Release|x86.ActiveCfg = Release|Win32
		{4ACACAEE-419B-44B0-B863-4C16C9E2C5AA}.Release|x86.Build.0 = Release|Win32
		{3469E6E8-349D-4E83-AE78-DAE8A5774BD9}.Debug|x64.ActiveCfg = Debug|x64
		{3469E6E8-349D-4E83-AE78-DAE8A5774BD9}.Debug|x64.Build.0 = Debug|x64
		{3469E6E8-349D-4E83-AE78-DAE8A5774BD9}.Debug|x86.ActiveCfg = Debug|Win32
		{3469E6E8-349D-4E83-AE78-DAE8A5774BD9}.Debug|x86.Build.0 = Debug|Win32
		{3469E6E8-349D-4E83-AE78-DAE8A5774BD9}.Release|x64.ActiveCfg = Release|x64
		{3469E6E8-349D-4E83-AE78-DAE8A5774BD9}.Release|x64.Build.0 = Release|x64
		{3469E6E8-349D-4E83-AE78-DAE8A5774BD9}.Release|x86.ActiveCfg = Release|Win32
		{3469E6E8-349D-4E83-AE78-DAE8A5774BD9}.Release|x86.Build.0 = Release|Win32
		{E476FBF0-E603-41C1-B1A2-EBF61B5AFF4D}.Debug|x64.ActiveCfg = Debug|x64
		{E476FBF0-E603-41C1-B1A2-EBF61B5AFF4D}.Debug|x64.Build.0 = Debug|x64
		{E476FBF0-E603-41C1-B1A2-EBF61B5AFF4D}.Debug|x86.ActiveCfg = Debug|Win32
		{E476FBF0-E603-41C1-B1A2-EBF61B5AFF4D}.Debug|x86.Build.0 = Debug|Win32
		{E476FBF0-E603-41C1-B1A2-EBF61B5AFF4D}.Release|x64.ActiveCfg = Release|x64
		{E476FBF0-E603-41C1-B1A2-EBF61B5AFF4D}.Release|x64.Build.0 = Release|x64
		{E476FBF0-E603-41C1-B1A2-EBF61B5AFF4D}.Release|x86.ActiveCfg = Release|Win32
		{E476FBF0-E603-41C1-B1A2-EBF61B5AFF4D}.Release|x86.Build.0 = Release|Win32
		{057096C5-1554-489C-A175-FE2BAC8C30C0}.Debug|x64.ActiveCfg = Debug|x64
		{057096C5-1554-489C-A175-FE2BAC8C30C0}.Debug|x64.Build.0 = Debug|x64
		{057096C5-1554-489C-A175-FE2BAC8C30C0}.Debug|x86.ActiveCfg = Debug|Win32
		{057096C5-1554-489C-A175-FE2BAC8C30C0}.Debug|x86.Build.0 = Debug|Win32
		{057096C5-1554-489C-A175-FE2BAC8C30C0}.Release|x64.ActiveCfg = Release|x64
		{057096C5-1554-489C-A175-FE2BAC8C30C0}.Release|x64.Build.0 = Release|x64
		{057096C5-1554-489C-A175-FE2BAC8C30C0}.Release|x86.ActiveCfg = Release|Win32
		{057096C5-1554-489C-A175-FE2BAC8C30C0}.Release|x86.Build.0 = Release|Win32
		{B4AAB83F-895E-4AA7-92A0-2043FB3C1716}.Debug|x64.ActiveCfg = Debug|x64
		{B4AAB83F-895E-4AA7-92A0-2043FB3C1716}.Debug|x64.Build.0 = Debug|x64
		{B4AAB83F-895E-4AA7-92A0-2043FB3C1716}.Debug|x86.ActiveCfg = Debug|Win32
		{B4AAB83F-895E-4AA7-92A0-2043FB3C1716}.Debug|x86.Build.0 = Debug|Win32
		{B4AAB83F-895E-4AA7-92A0-2043FB3C1716}.Release|x64.ActiveCfg = Release|x64
		{B4AAB83F-895E-4AA7-92A0-2043FB3C1716}.Release|x64.Build.0 = Release|x64
		{B4AAB83F-895E-4AA7-92A0-2043FB3C1716}.Release|x86.ActiveCfg = Release|Win32
		{B4AAB83F-895E-4AA7-92A0-2043FB3C1716}.Release|x86.Build.0 = Release|Win32
		{57834046-A61D-4CD5-9D50-F3942E07C6AE}.Debug|x64.ActiveCfg = Debug|x64
		{57834046-A61D-4CD5-9D50-F3942E07C6AE}.Debug|x64.Build.0 = Debug|x64
		{57834046-A61D-4CD5-9D50-F3942E07C6AE}.Debug|x86.ActiveCfg = Debug|Win32
		{57834046-A61D-4CD5-9D50-F3942E07C6AE}.Debug|x86.Build.0 = Debug|Win32
		{57834046-A61D-4CD5-9D50-F3942E07C6AE}.Release|x64.ActiveCfg = Release|x64
		{57834046-A61D-4CD5-9D50-F3942E07C6AE}.Release|x64.Build.0 = Release|x64
		{57834046-A61D-4CD5-9D50-F3942E07C6AE}.Release|x86.ActiveCfg = Release|Win32
		{57834046-A61D-4CD5-9D50-F3942E07C6AE}.Release|x86.Build.0 = Release|Win32
	EndGlobalSection
	GlobalSection(SolutionProperties) = preSolution
		HideSolutionNode = FALSE
	EndGlobalSection
	GlobalSection(ExtensibilityGlobals) = postSolution
		SolutionGuid = {0C90609F-AABA-412A-B039-04DD4838A33A}
	EndGlobalSection
EndGlobal
