
Microsoft Visual Studio Solution File, Format Version 12.00
# Visual Studio 15
VisualStudioVersion = 15.0.27703.2035
MinimumVisualStudioVersion = 10.0.40219.1
Project("{8BC9CEB8-8B4A-11D0-8D11-00A0C91BC942}") = "ex1", "ex1\ex1.vcxproj", "{E730E8C4-0F62-4486-825D-7C9EE2E4D319}"
EndProject
Project("{8BC9CEB8-8B4A-11D0-8D11-00A0C91BC942}") = "ex2", "ex2\ex2.vcxproj", "{C231CD1D-3BE9-454E-8E45-540F0D18A5BA}"
EndProject
Project("{8BC9CEB8-8B4A-11D0-8D11-00A0C91BC942}") = "ex3", "ex3\ex3.vcxproj", "{53358599-5D96-4E3C-A501-2870CF8C6D70}"
EndProject
Project("{8BC9CEB8-8B4A-11D0-8D11-00A0C91BC942}") = "ex4", "ex4\ex4.vcxproj", "{995DE447-FFDD-4046-8ACA-0569AA546839}"
EndProject
Project("{8BC9CEB8-8B4A-11D0-8D11-00A0C91BC942}") = "ex5", "ex5\ex5.vcxproj", "{A68509FC-F459-49EC-BEDE-A1657D3CFB54}"
EndProject
Project("{8BC9CEB8-8B4A-11D0-8D11-00A0C91BC942}") = "ex6", "ex6\ex6.vcxproj", "{B1DC2E4A-7632-4850-AB51-4AFA3308D8C8}"
EndProject
Project("{8BC9CEB8-8B4A-11D0-8D11-00A0C91BC942}") = "ex7", "ex7\ex7.vcxproj", "{A7BAE1BE-1B1F-40AB-8E5A-00F8383E0724}"
EndProject
Project("{8BC9CEB8-8B4A-11D0-8D11-00A0C91BC942}") = "ex8", "ex8\ex8.vcxproj", "{22DBAE32-9E1D-4877-B8A3-9F46C8559E3C}"
EndProject
Project("{8BC9CEB8-8B4A-11D0-8D11-00A0C91BC942}") = "ex9", "ex9\ex9.vcxproj", "{6A6FEB61-4FE4-47B2-8C82-7BBE7ECD8E7D}"
EndProject
Project("{8BC9CEB8-8B4A-11D0-8D11-00A0C91BC942}") = "ex10", "ex10\ex10.vcxproj", "{C0A18473-5444-4F75-8F95-7D9ECCE54E7A}"
EndProject
Global
	GlobalSection(SolutionConfigurationPlatforms) = preSolution
		Debug|x64 = Debug|x64
		Debug|x86 = Debug|x86
		Release|x64 = Release|x64
		Release|x86 = Release|x86
	EndGlobalSection
	GlobalSection(ProjectConfigurationPlatforms) = postSolution
		{E730E8C4-0F62-4486-825D-7C9EE2E4D319}.Debug|x64.ActiveCfg = Debug|x64
		{E730E8C4-0F62-4486-825D-7C9EE2E4D319}.Debug|x64.Build.0 = Debug|x64
		{E730E8C4-0F62-4486-825D-7C9EE2E4D319}.Debug|x86.ActiveCfg = Debug|Win32
		{E730E8C4-0F62-4486-825D-7C9EE2E4D319}.Debug|x86.Build.0 = Debug|Win32
		{E730E8C4-0F62-4486-825D-7C9EE2E4D319}.Release|x64.ActiveCfg = Release|x64
		{E730E8C4-0F62-4486-825D-7C9EE2E4D319}.Release|x64.Build.0 = Release|x64
		{E730E8C4-0F62-4486-825D-7C9EE2E4D319}.Release|x86.ActiveCfg = Release|Win32
		{E730E8C4-0F62-4486-825D-7C9EE2E4D319}.Release|x86.Build.0 = Release|Win32
		{C231CD1D-3BE9-454E-8E45-540F0D18A5BA}.Debug|x64.ActiveCfg = Debug|x64
		{C231CD1D-3BE9-454E-8E45-540F0D18A5BA}.Debug|x64.Build.0 = Debug|x64
		{C231CD1D-3BE9-454E-8E45-540F0D18A5BA}.Debug|x86.ActiveCfg = Debug|Win32
		{C231CD1D-3BE9-454E-8E45-540F0D18A5BA}.Debug|x86.Build.0 = Debug|Win32
		{C231CD1D-3BE9-454E-8E45-540F0D18A5BA}.Release|x64.ActiveCfg = Release|x64
		{C231CD1D-3BE9-454E-8E45-540F0D18A5BA}.Release|x64.Build.0 = Release|x64
		{C231CD1D-3BE9-454E-8E45-540F0D18A5BA}.Release|x86.ActiveCfg = Release|Win32
		{C231CD1D-3BE9-454E-8E45-540F0D18A5BA}.Release|x86.Build.0 = Release|Win32
		{53358599-5D96-4E3C-A501-2870CF8C6D70}.Debug|x64.ActiveCfg = Debug|x64
		{53358599-5D96-4E3C-A501-2870CF8C6D70}.Debug|x64.Build.0 = Debug|x64
		{53358599-5D96-4E3C-A501-2870CF8C6D70}.Debug|x86.ActiveCfg = Debug|Win32
		{53358599-5D96-4E3C-A501-2870CF8C6D70}.Debug|x86.Build.0 = Debug|Win32
		{53358599-5D96-4E3C-A501-2870CF8C6D70}.Release|x64.ActiveCfg = Release|x64
		{53358599-5D96-4E3C-A501-2870CF8C6D70}.Release|x64.Build.0 = Release|x64
		{53358599-5D96-4E3C-A501-2870CF8C6D70}.Release|x86.ActiveCfg = Release|Win32
		{53358599-5D96-4E3C-A501-2870CF8C6D70}.Release|x86.Build.0 = Release|Win32
		{995DE447-FFDD-4046-8ACA-0569AA546839}.Debug|x64.ActiveCfg = Debug|x64
		{995DE447-FFDD-4046-8ACA-0569AA546839}.Debug|x64.Build.0 = Debug|x64
		{995DE447-FFDD-4046-8ACA-0569AA546839}.Debug|x86.ActiveCfg = Debug|Win32
		{995DE447-FFDD-4046-8ACA-0569AA546839}.Debug|x86.Build.0 = Debug|Win32
		{995DE447-FFDD-4046-8ACA-0569AA546839}.Release|x64.ActiveCfg = Release|x64
		{995DE447-FFDD-4046-8ACA-0569AA546839}.Release|x64.Build.0 = Release|x64
		{995DE447-FFDD-4046-8ACA-0569AA546839}.Release|x86.ActiveCfg = Release|Win32
		{995DE447-FFDD-4046-8ACA-0569AA546839}.Release|x86.Build.0 = Release|Win32
		{A68509FC-F459-49EC-BEDE-A1657D3CFB54}.Debug|x64.ActiveCfg = Debug|x64
		{A68509FC-F459-49EC-BEDE-A1657D3CFB54}.Debug|x64.Build.0 = Debug|x64
		{A68509FC-F459-49EC-BEDE-A1657D3CFB54}.Debug|x86.ActiveCfg = Debug|Win32
		{A68509FC-F459-49EC-BEDE-A1657D3CFB54}.Debug|x86.Build.0 = Debug|Win32
		{A68509FC-F459-49EC-BEDE-A1657D3CFB54}.Release|x64.ActiveCfg = Release|x64
		{A68509FC-F459-49EC-BEDE-A1657D3CFB54}.Release|x64.Build.0 = Release|x64
		{A68509FC-F459-49EC-BEDE-A1657D3CFB54}.Release|x86.ActiveCfg = Release|Win32
		{A68509FC-F459-49EC-BEDE-A1657D3CFB54}.Release|x86.Build.0 = Release|Win32
		{B1DC2E4A-7632-4850-AB51-4AFA3308D8C8}.Debug|x64.ActiveCfg = Debug|x64
		{B1DC2E4A-7632-4850-AB51-4AFA3308D8C8}.Debug|x64.Build.0 = Debug|x64
		{B1DC2E4A-7632-4850-AB51-4AFA3308D8C8}.Debug|x86.ActiveCfg = Debug|Win32
		{B1DC2E4A-7632-4850-AB51-4AFA3308D8C8}.Debug|x86.Build.0 = Debug|Win32
		{B1DC2E4A-7632-4850-AB51-4AFA3308D8C8}.Release|x64.ActiveCfg = Release|x64
		{B1DC2E4A-7632-4850-AB51-4AFA3308D8C8}.Release|x64.Build.0 = Release|x64
		{B1DC2E4A-7632-4850-AB51-4AFA3308D8C8}.Release|x86.ActiveCfg = Release|Win32
		{B1DC2E4A-7632-4850-AB51-4AFA3308D8C8}.Release|x86.Build.0 = Release|Win32
		{A7BAE1BE-1B1F-40AB-8E5A-00F8383E0724}.Debug|x64.ActiveCfg = Debug|x64
		{A7BAE1BE-1B1F-40AB-8E5A-00F8383E0724}.Debug|x64.Build.0 = Debug|x64
		{A7BAE1BE-1B1F-40AB-8E5A-00F8383E0724}.Debug|x86.ActiveCfg = Debug|Win32
		{A7BAE1BE-1B1F-40AB-8E5A-00F8383E0724}.Debug|x86.Build.0 = Debug|Win32
		{A7BAE1BE-1B1F-40AB-8E5A-00F8383E0724}.Release|x64.ActiveCfg = Release|x64
		{A7BAE1BE-1B1F-40AB-8E5A-00F8383E0724}.Release|x64.Build.0 = Release|x64
		{A7BAE1BE-1B1F-40AB-8E5A-00F8383E0724}.Release|x86.ActiveCfg = Release|Win32
		{A7BAE1BE-1B1F-40AB-8E5A-00F8383E0724}.Release|x86.Build.0 = Release|Win32
		{22DBAE32-9E1D-4877-B8A3-9F46C8559E3C}.Debug|x64.ActiveCfg = Debug|x64
		{22DBAE32-9E1D-4877-B8A3-9F46C8559E3C}.Debug|x64.Build.0 = Debug|x64
		{22DBAE32-9E1D-4877-B8A3-9F46C8559E3C}.Debug|x86.ActiveCfg = Debug|Win32
		{22DBAE32-9E1D-4877-B8A3-9F46C8559E3C}.Debug|x86.Build.0 = Debug|Win32
		{22DBAE32-9E1D-4877-B8A3-9F46C8559E3C}.Release|x64.ActiveCfg = Release|x64
		{22DBAE32-9E1D-4877-B8A3-9F46C8559E3C}.Release|x64.Build.0 = Release|x64
		{22DBAE32-9E1D-4877-B8A3-9F46C8559E3C}.Release|x86.ActiveCfg = Release|Win32
		{22DBAE32-9E1D-4877-B8A3-9F46C8559E3C}.Release|x86.Build.0 = Release|Win32
		{6A6FEB61-4FE4-47B2-8C82-7BBE7ECD8E7D}.Debug|x64.ActiveCfg = Debug|x64
		{6A6FEB61-4FE4-47B2-8C82-7BBE7ECD8E7D}.Debug|x64.Build.0 = Debug|x64
		{6A6FEB61-4FE4-47B2-8C82-7BBE7ECD8E7D}.Debug|x86.ActiveCfg = Debug|Win32
		{6A6FEB61-4FE4-47B2-8C82-7BBE7ECD8E7D}.Debug|x86.Build.0 = Debug|Win32
		{6A6FEB61-4FE4-47B2-8C82-7BBE7ECD8E7D}.Release|x64.ActiveCfg = Release|x64
		{6A6FEB61-4FE4-47B2-8C82-7BBE7ECD8E7D}.Release|x64.Build.0 = Release|x64
		{6A6FEB61-4FE4-47B2-8C82-7BBE7ECD8E7D}.Release|x86.ActiveCfg = Release|Win32
		{6A6FEB61-4FE4-47B2-8C82-7BBE7ECD8E7D}.Release|x86.Build.0 = Release|Win32
		{C0A18473-5444-4F75-8F95-7D9ECCE54E7A}.Debug|x64.ActiveCfg = Debug|x64
		{C0A18473-5444-4F75-8F95-7D9ECCE54E7A}.Debug|x64.Build.0 = Debug|x64
		{C0A18473-5444-4F75-8F95-7D9ECCE54E7A}.Debug|x86.ActiveCfg = Debug|Win32
		{C0A18473-5444-4F75-8F95-7D9ECCE54E7A}.Debug|x86.Build.0 = Debug|Win32
		{C0A18473-5444-4F75-8F95-7D9ECCE54E7A}.Release|x64.ActiveCfg = Release|x64
		{C0A18473-5444-4F75-8F95-7D9ECCE54E7A}.Release|x64.Build.0 = Release|x64
		{C0A18473-5444-4F75-8F95-7D9ECCE54E7A}.Release|x86.ActiveCfg = Release|Win32
		{C0A18473-5444-4F75-8F95-7D9ECCE54E7A}.Release|x86.Build.0 = Release|Win32
	EndGlobalSection
	GlobalSection(SolutionProperties) = preSolution
		HideSolutionNode = FALSE
	EndGlobalSection
	GlobalSection(ExtensibilityGlobals) = postSolution
		SolutionGuid = {C563A895-93C4-457B-B6FA-6CEB0C3EC4EF}
	EndGlobalSection
EndGlobal
